
Microsoft Visual Studio Solution File, Format Version 12.00
# Visual Studio Version 17
VisualStudioVersion = 17.0.31903.59
MinimumVisualStudioVersion = 10.0.40219.1
Project("{2150E333-8FDC-42A3-9474-1A3956D46DE8}") = "src", "src", "{827E0CD3-B72D-47B6-A68D-7590B98EB39B}"
EndProject
Project("{FAE04EC0-301F-11D3-BF4B-00C04F79EFBC}") = "Shield.Core", "src\Shield.Core\Shield.Core.csproj", "{B146C1C5-345A-41BA-945D-8EA162C59442}"
EndProject
Project("{FAE04EC0-301F-11D3-BF4B-00C04F79EFBC}") = "Shield.Data", "src\Shield.Data\Shield.Data.csproj", "{8B80A398-3967-428D-B857-3992792F9821}"
EndProject
Project("{FAE04EC0-301F-11D3-BF4B-00C04F79EFBC}") = "Shield.Scanners", "src\Shield.Scanners\Shield.Scanners.csproj", "{0EADBB36-C17B-4082-9E68-E2DB1DC7D955}"
EndProject
Project("{FAE04EC0-301F-11D3-BF4B-00C04F79EFBC}") = "Shield.Parsers.Npm", "src\Shield.Parsers.Npm\Shield.Parsers.Npm.csproj", "{1FB66160-663D-401D-962E-E0258F67982E}"
EndProject
Project("{FAE04EC0-301F-11D3-BF4B-00C04F79EFBC}") = "Shield.Parsers.Nuget", "src\Shield.Parsers.Nuget\Shield.Parsers.Nuget.csproj", "{7A06246F-CA62-4199-B8F1-DE3E0E623A2A}"
EndProject
Project("{FAE04EC0-301F-11D3-BF4B-00C04F79EFBC}") = "Shield.Parsers.Composer", "src\Shield.Parsers.Composer\Shield.Parsers.Composer.csproj", "{19EBD94D-7B19-4006-96D8-BF830871EE33}"
EndProject
Project("{FAE04EC0-301F-11D3-BF4B-00C04F79EFBC}") = "Shield.Parsers.Gradle", "src\Shield.Parsers.Gradle\Shield.Parsers.Gradle.csproj", "{F3E794BF-47DA-40A8-AEE7-ECA6176748B1}"
EndProject
Project("{FAE04EC0-301F-11D3-BF4B-00C04F79EFBC}") = "Shield.Parsers.Os", "src\Shield.Parsers.Os\Shield.Parsers.Os.csproj", "{E01EA7A7-829B-456D-B9B1-7583A9E476A3}"
EndProject
Project("{FAE04EC0-301F-11D3-BF4B-00C04F79EFBC}") = "Shield.Feeds.Osv", "src\Shield.Feeds.Osv\Shield.Feeds.Osv.csproj", "{F9F3259A-602A-40C8-BC33-358CC5CAB0D2}"
EndProject
Project("{FAE04EC0-301F-11D3-BF4B-00C04F79EFBC}") = "Shield.Feeds.Ghsa", "src\Shield.Feeds.Ghsa\Shield.Feeds.Ghsa.csproj", "{F0E37012-EF76-46DA-A7BC-24E5F6228C89}"
EndProject
Project("{FAE04EC0-301F-11D3-BF4B-00C04F79EFBC}") = "Shield.Feeds.NpmRegistry", "src\Shield.Feeds.NpmRegistry\Shield.Feeds.NpmRegistry.csproj", "{41F23587-3BC8-4C03-B877-249CFD1E2833}"
EndProject
Project("{FAE04EC0-301F-11D3-BF4B-00C04F79EFBC}") = "Shield.Feeds.DepsDev", "src\Shield.Feeds.DepsDev\Shield.Feeds.DepsDev.csproj", "{D31DDBFD-7338-477F-B592-75EBD9FBEF7E}"
EndProject
Project("{FAE04EC0-301F-11D3-BF4B-00C04F79EFBC}") = "Shield.Feeds.Socket", "src\Shield.Feeds.Socket\Shield.Feeds.Socket.csproj", "{B956A883-7FEF-4BC6-93BA-F60D8F5E18EF}"
EndProject
Project("{FAE04EC0-301F-11D3-BF4B-00C04F79EFBC}") = "Shield.Feeds.TrivyDb", "src\Shield.Feeds.TrivyDb\Shield.Feeds.TrivyDb.csproj", "{D8065A99-6567-4B1C-BF83-60CBA83855B4}"
EndProject
Project("{FAE04EC0-301F-11D3-BF4B-00C04F79EFBC}") = "Shield.Matcher", "src\Shield.Matcher\Shield.Matcher.csproj", "{158195BF-E28B-43A7-A848-078FF12D530C}"
EndProject
Project("{FAE04EC0-301F-11D3-BF4B-00C04F79EFBC}") = "Shield.Alerter", "src\Shield.Alerter\Shield.Alerter.csproj", "{A3FF08D0-702D-4AA4-B7F2-E5508F5670E1}"
EndProject
Project("{FAE04EC0-301F-11D3-BF4B-00C04F79EFBC}") = "Shield.Channels", "src\Shield.Channels\Shield.Channels.csproj", "{9CF4AB76-6E72-41F5-9137-6E4E96BAA7D9}"
EndProject
Project("{FAE04EC0-301F-11D3-BF4B-00C04F79EFBC}") = "Shield.Api", "src\Shield.Api\Shield.Api.csproj", "{595042DB-80FB-4AB0-A577-DC78C90C7695}"
EndProject
Project("{2150E333-8FDC-42A3-9474-1A3956D46DE8}") = "agent", "agent", "{A0596E84-2522-6F31-0F43-77167BFA80D0}"
EndProject
Project("{FAE04EC0-301F-11D3-BF4B-00C04F79EFBC}") = "shield-agent", "agent\shield-agent\shield-agent.csproj", "{F7AE84BA-6BD2-4251-8073-58A62EBE1CEE}"
EndProject
Project("{2150E333-8FDC-42A3-9474-1A3956D46DE8}") = "tests", "tests", "{0AB3BF05-4346-4AA6-1389-037BE0695223}"
EndProject
Project("{FAE04EC0-301F-11D3-BF4B-00C04F79EFBC}") = "Shield.Core.Tests", "tests\Shield.Core.Tests\Shield.Core.Tests.csproj", "{A31B1B06-6F27-48BE-A92A-0F7257DC5B3A}"
EndProject
Project("{FAE04EC0-301F-11D3-BF4B-00C04F79EFBC}") = "Shield.Data.Tests", "tests\Shield.Data.Tests\Shield.Data.Tests.csproj", "{88F30934-F6D4-4CED-B146-1983987A87A3}"
EndProject
Project("{FAE04EC0-301F-11D3-BF4B-00C04F79EFBC}") = "Shield.Parsers.Npm.Tests", "tests\Shield.Parsers.Npm.Tests\Shield.Parsers.Npm.Tests.csproj", "{986C3310-5C59-4920-8E2B-D08B04886364}"
EndProject
Project("{FAE04EC0-301F-11D3-BF4B-00C04F79EFBC}") = "Shield.Parsers.Nuget.Tests", "tests\Shield.Parsers.Nuget.Tests\Shield.Parsers.Nuget.Tests.csproj", "{EE043DC5-3761-47EB-9A4A-F4AF8B89099A}"
EndProject
Project("{FAE04EC0-301F-11D3-BF4B-00C04F79EFBC}") = "Shield.Parsers.Composer.Tests", "tests\Shield.Parsers.Composer.Tests\Shield.Parsers.Composer.Tests.csproj", "{0A8FBDC0-C68B-4363-9488-A38C0B1E3205}"
EndProject
Project("{FAE04EC0-301F-11D3-BF4B-00C04F79EFBC}") = "Shield.Parsers.Gradle.Tests", "tests\Shield.Parsers.Gradle.Tests\Shield.Parsers.Gradle.Tests.csproj", "{18F57564-85C5-4914-AF7C-8FC3BB2EF6AA}"
EndProject
Project("{FAE04EC0-301F-11D3-BF4B-00C04F79EFBC}") = "Shield.Feeds.Osv.Tests", "tests\Shield.Feeds.Osv.Tests\Shield.Feeds.Osv.Tests.csproj", "{5CA5864C-B126-46C2-ADC6-9A4B8CA7160A}"
EndProject
Project("{FAE04EC0-301F-11D3-BF4B-00C04F79EFBC}") = "Shield.Feeds.Ghsa.Tests", "tests\Shield.Feeds.Ghsa.Tests\Shield.Feeds.Ghsa.Tests.csproj", "{37E1D86B-C6CE-4107-B332-26AE13EDA692}"
EndProject
Project("{FAE04EC0-301F-11D3-BF4B-00C04F79EFBC}") = "Shield.Feeds.NpmRegistry.Tests", "tests\Shield.Feeds.NpmRegistry.Tests\Shield.Feeds.NpmRegistry.Tests.csproj", "{8BB4B885-A31A-4E35-B774-C44870A68408}"
EndProject
Project("{FAE04EC0-301F-11D3-BF4B-00C04F79EFBC}") = "Shield.Matcher.Tests", "tests\Shield.Matcher.Tests\Shield.Matcher.Tests.csproj", "{FAA9F66B-EC8A-4A8C-B50E-22AE3260C887}"
EndProject
Project("{FAE04EC0-301F-11D3-BF4B-00C04F79EFBC}") = "Shield.Alerter.Tests", "tests\Shield.Alerter.Tests\Shield.Alerter.Tests.csproj", "{D04A7AA2-C6FB-4B87-979E-8515D675829D}"
EndProject
Project("{FAE04EC0-301F-11D3-BF4B-00C04F79EFBC}") = "Shield.Api.Tests", "tests\Shield.Api.Tests\Shield.Api.Tests.csproj", "{B9F42F28-DA36-4C0C-AD8C-6B807B0B4B8C}"
EndProject
Project("{FAE04EC0-301F-11D3-BF4B-00C04F79EFBC}") = "Shield.Scanners.Tests", "tests\Shield.Scanners.Tests\Shield.Scanners.Tests.csproj", "{3AA70B1D-C5E1-4E7B-B9B1-0AC2CDDEB58A}"
EndProject
Project("{FAE04EC0-301F-11D3-BF4B-00C04F79EFBC}") = "Shield.Parsers.Python", "src\Shield.Parsers.Python\Shield.Parsers.Python.csproj", "{4D7FE4AD-CB46-4B88-B9DD-EDD7A5BEE675}"
EndProject
Project("{FAE04EC0-301F-11D3-BF4B-00C04F79EFBC}") = "Shield.Parsers.Go", "src\Shield.Parsers.Go\Shield.Parsers.Go.csproj", "{01DB6841-AF8D-4202-A7DA-06EEB78E1A83}"
EndProject
Project("{FAE04EC0-301F-11D3-BF4B-00C04F79EFBC}") = "Shield.Parsers.Rust", "src\Shield.Parsers.Rust\Shield.Parsers.Rust.csproj", "{E65813D3-E5CA-45B6-9665-86DF8F43460D}"
EndProject
Project("{FAE04EC0-301F-11D3-BF4B-00C04F79EFBC}") = "Shield.Parsers.Python.Tests", "tests\Shield.Parsers.Python.Tests\Shield.Parsers.Python.Tests.csproj", "{2C2EBA35-E18C-44C8-91BA-35CB52497D2C}"
EndProject
Project("{FAE04EC0-301F-11D3-BF4B-00C04F79EFBC}") = "Shield.Parsers.Go.Tests", "tests\Shield.Parsers.Go.Tests\Shield.Parsers.Go.Tests.csproj", "{DAB9E56B-BFF1-4A68-A104-2124FC211F27}"
EndProject
Project("{FAE04EC0-301F-11D3-BF4B-00C04F79EFBC}") = "Shield.Parsers.Rust.Tests", "tests\Shield.Parsers.Rust.Tests\Shield.Parsers.Rust.Tests.csproj", "{CE7C4CA6-4545-44E7-AC3A-254E8103E42B}"
EndProject
Global
	GlobalSection(SolutionConfigurationPlatforms) = preSolution
		Debug|Any CPU = Debug|Any CPU
		Debug|x64 = Debug|x64
		Debug|x86 = Debug|x86
		Release|Any CPU = Release|Any CPU
		Release|x64 = Release|x64
		Release|x86 = Release|x86
	EndGlobalSection
	GlobalSection(ProjectConfigurationPlatforms) = postSolution
		{B146C1C5-345A-41BA-945D-8EA162C59442}.Debug|Any CPU.ActiveCfg = Debug|Any CPU
		{B146C1C5-345A-41BA-945D-8EA162C59442}.Debug|Any CPU.Build.0 = Debug|Any CPU
		{B146C1C5-345A-41BA-945D-8EA162C59442}.Debug|x64.ActiveCfg = Debug|Any CPU
		{B146C1C5-345A-41BA-945D-8EA162C59442}.Debug|x64.Build.0 = Debug|Any CPU
		{B146C1C5-345A-41BA-945D-8EA162C59442}.Debug|x86.ActiveCfg = Debug|Any CPU
		{B146C1C5-345A-41BA-945D-8EA162C59442}.Debug|x86.Build.0 = Debug|Any CPU
		{B146C1C5-345A-41BA-945D-8EA162C59442}.Release|Any CPU.ActiveCfg = Release|Any CPU
		{B146C1C5-345A-41BA-945D-8EA162C59442}.Release|Any CPU.Build.0 = Release|Any CPU
		{B146C1C5-345A-41BA-945D-8EA162C59442}.Release|x64.ActiveCfg = Release|Any CPU
		{B146C1C5-345A-41BA-945D-8EA162C59442}.Release|x64.Build.0 = Release|Any CPU
		{B146C1C5-345A-41BA-945D-8EA162C59442}.Release|x86.ActiveCfg = Release|Any CPU
		{B146C1C5-345A-41BA-945D-8EA162C59442}.Release|x86.Build.0 = Release|Any CPU
		{8B80A398-3967-428D-B857-3992792F9821}.Debug|Any CPU.ActiveCfg = Debug|Any CPU
		{8B80A398-3967-428D-B857-3992792F9821}.Debug|Any CPU.Build.0 = Debug|Any CPU
		{8B80A398-3967-428D-B857-3992792F9821}.Debug|x64.ActiveCfg = Debug|Any CPU
		{8B80A398-3967-428D-B857-3992792F9821}.Debug|x64.Build.0 = Debug|Any CPU
		{8B80A398-3967-428D-B857-3992792F9821}.Debug|x86.ActiveCfg = Debug|Any CPU
		{8B80A398-3967-428D-B857-3992792F9821}.Debug|x86.Build.0 = Debug|Any CPU
		{8B80A398-3967-428D-B857-3992792F9821}.Release|Any CPU.ActiveCfg = Release|Any CPU
		{8B80A398-3967-428D-B857-3992792F9821}.Release|Any CPU.Build.0 = Release|Any CPU
		{8B80A398-3967-428D-B857-3992792F9821}.Release|x64.ActiveCfg = Release|Any CPU
		{8B80A398-3967-428D-B857-3992792F9821}.Release|x64.Build.0 = Release|Any CPU
		{8B80A398-3967-428D-B857-3992792F9821}.Release|x86.ActiveCfg = Release|Any CPU
		{8B80A398-3967-428D-B857-3992792F9821}.Release|x86.Build.0 = Release|Any CPU
		{0EADBB36-C17B-4082-9E68-E2DB1DC7D955}.Debug|Any CPU.ActiveCfg = Debug|Any CPU
		{0EADBB36-C17B-4082-9E68-E2DB1DC7D955}.Debug|Any CPU.Build.0 = Debug|Any CPU
		{0EADBB36-C17B-4082-9E68-E2DB1DC7D955}.Debug|x64.ActiveCfg = Debug|Any CPU
		{0EADBB36-C17B-4082-9E68-E2DB1DC7D955}.Debug|x64.Build.0 = Debug|Any CPU
		{0EADBB36-C17B-4082-9E68-E2DB1DC7D955}.Debug|x86.ActiveCfg = Debug|Any CPU
		{0EADBB36-C17B-4082-9E68-E2DB1DC7D955}.Debug|x86.Build.0 = Debug|Any CPU
		{0EADBB36-C17B-4082-9E68-E2DB1DC7D955}.Release|Any CPU.ActiveCfg = Release|Any CPU
		{0EADBB36-C17B-4082-9E68-E2DB1DC7D955}.Release|Any CPU.Build.0 = Release|Any CPU
		{0EADBB36-C17B-4082-9E68-E2DB1DC7D955}.Release|x64.ActiveCfg = Release|Any CPU
		{0EADBB36-C17B-4082-9E68-E2DB1DC7D955}.Release|x64.Build.0 = Release|Any CPU
		{0EADBB36-C17B-4082-9E68-E2DB1DC7D955}.Release|x86.ActiveCfg = Release|Any CPU
		{0EADBB36-C17B-4082-9E68-E2DB1DC7D955}.Release|x86.Build.0 = Release|Any CPU
		{1FB66160-663D-401D-962E-E0258F67982E}.Debug|Any CPU.ActiveCfg = Debug|Any CPU
		{1FB66160-663D-401D-962E-E0258F67982E}.Debug|Any CPU.Build.0 = Debug|Any CPU
		{1FB66160-663D-401D-962E-E0258F67982E}.Debug|x64.ActiveCfg = Debug|Any CPU
		{1FB66160-663D-401D-962E-E0258F67982E}.Debug|x64.Build.0 = Debug|Any CPU
		{1FB66160-663D-401D-962E-E0258F67982E}.Debug|x86.ActiveCfg = Debug|Any CPU
		{1FB66160-663D-401D-962E-E0258F67982E}.Debug|x86.Build.0 = Debug|Any CPU
		{1FB66160-663D-401D-962E-E0258F67982E}.Release|Any CPU.ActiveCfg = Release|Any CPU
		{1FB66160-663D-401D-962E-E0258F67982E}.Release|Any CPU.Build.0 = Release|Any CPU
		{1FB66160-663D-401D-962E-E0258F67982E}.Release|x64.ActiveCfg = Release|Any CPU
		{1FB66160-663D-401D-962E-E0258F67982E}.Release|x64.Build.0 = Release|Any CPU
		{1FB66160-663D-401D-962E-E0258F67982E}.Release|x86.ActiveCfg = Release|Any CPU
		{1FB66160-663D-401D-962E-E0258F67982E}.Release|x86.Build.0 = Release|Any CPU
		{7A06246F-CA62-4199-B8F1-DE3E0E623A2A}.Debug|Any CPU.ActiveCfg = Debug|Any CPU
		{7A06246F-CA62-4199-B8F1-DE3E0E623A2A}.Debug|Any CPU.Build.0 = Debug|Any CPU
		{7A06246F-CA62-4199-B8F1-DE3E0E623A2A}.Debug|x64.ActiveCfg = Debug|Any CPU
		{7A06246F-CA62-4199-B8F1-DE3E0E623A2A}.Debug|x64.Build.0 = Debug|Any CPU
		{7A06246F-CA62-4199-B8F1-DE3E0E623A2A}.Debug|x86.ActiveCfg = Debug|Any CPU
		{7A06246F-CA62-4199-B8F1-DE3E0E623A2A}.Debug|x86.Build.0 = Debug|Any CPU
		{7A06246F-CA62-4199-B8F1-DE3E0E623A2A}.Release|Any CPU.ActiveCfg = Release|Any CPU
		{7A06246F-CA62-4199-B8F1-DE3E0E623A2A}.Release|Any CPU.Build.0 = Release|Any CPU
		{7A06246F-CA62-4199-B8F1-DE3E0E623A2A}.Release|x64.ActiveCfg = Release|Any CPU
		{7A06246F-CA62-4199-B8F1-DE3E0E623A2A}.Release|x64.Build.0 = Release|Any CPU
		{7A06246F-CA62-4199-B8F1-DE3E0E623A2A}.Release|x86.ActiveCfg = Release|Any CPU
		{7A06246F-CA62-4199-B8F1-DE3E0E623A2A}.Release|x86.Build.0 = Release|Any CPU
		{19EBD94D-7B19-4006-96D8-BF830871EE33}.Debug|Any CPU.ActiveCfg = Debug|Any CPU
		{19EBD94D-7B19-4006-96D8-BF830871EE33}.Debug|Any CPU.Build.0 = Debug|Any CPU
		{19EBD94D-7B19-4006-96D8-BF830871EE33}.Debug|x64.ActiveCfg = Debug|Any CPU
		{19EBD94D-7B19-4006-96D8-BF830871EE33}.Debug|x64.Build.0 = Debug|Any CPU
		{19EBD94D-7B19-4006-96D8-BF830871EE33}.Debug|x86.ActiveCfg = Debug|Any CPU
		{19EBD94D-7B19-4006-96D8-BF830871EE33}.Debug|x86.Build.0 = Debug|Any CPU
		{19EBD94D-7B19-4006-96D8-BF830871EE33}.Release|Any CPU.ActiveCfg = Release|Any CPU
		{19EBD94D-7B19-4006-96D8-BF830871EE33}.Release|Any CPU.Build.0 = Release|Any CPU
		{19EBD94D-7B19-4006-96D8-BF830871EE33}.Release|x64.ActiveCfg = Release|Any CPU
		{19EBD94D-7B19-4006-96D8-BF830871EE33}.Release|x64.Build.0 = Release|Any CPU
		{19EBD94D-7B19-4006-96D8-BF830871EE33}.Release|x86.ActiveCfg = Release|Any CPU
		{19EBD94D-7B19-4006-96D8-BF830871EE33}.Release|x86.Build.0 = Release|Any CPU
		{F3E794BF-47DA-40A8-AEE7-ECA6176748B1}.Debug|Any CPU.ActiveCfg = Debug|Any CPU
		{F3E794BF-47DA-40A8-AEE7-ECA6176748B1}.Debug|Any CPU.Build.0 = Debug|Any CPU
		{F3E794BF-47DA-40A8-AEE7-ECA6176748B1}.Debug|x64.ActiveCfg = Debug|Any CPU
		{F3E794BF-47DA-40A8-AEE7-ECA6176748B1}.Debug|x64.Build.0 = Debug|Any CPU
		{F3E794BF-47DA-40A8-AEE7-ECA6176748B1}.Debug|x86.ActiveCfg = Debug|Any CPU
		{F3E794BF-47DA-40A8-AEE7-ECA6176748B1}.Debug|x86.Build.0 = Debug|Any CPU
		{F3E794BF-47DA-40A8-AEE7-ECA6176748B1}.Release|Any CPU.ActiveCfg = Release|Any CPU
		{F3E794BF-47DA-40A8-AEE7-ECA6176748B1}.Release|Any CPU.Build.0 = Release|Any CPU
		{F3E794BF-47DA-40A8-AEE7-ECA6176748B1}.Release|x64.ActiveCfg = Release|Any CPU
		{F3E794BF-47DA-40A8-AEE7-ECA6176748B1}.Release|x64.Build.0 = Release|Any CPU
		{F3E794BF-47DA-40A8-AEE7-ECA6176748B1}.Release|x86.ActiveCfg = Release|Any CPU
		{F3E794BF-47DA-40A8-AEE7-ECA6176748B1}.Release|x86.Build.0 = Release|Any CPU
		{E01EA7A7-829B-456D-B9B1-7583A9E476A3}.Debug|Any CPU.ActiveCfg = Debug|Any CPU
		{E01EA7A7-829B-456D-B9B1-7583A9E476A3}.Debug|Any CPU.Build.0 = Debug|Any CPU
		{E01EA7A7-829B-456D-B9B1-7583A9E476A3}.Debug|x64.ActiveCfg = Debug|Any CPU
		{E01EA7A7-829B-456D-B9B1-7583A9E476A3}.Debug|x64.Build.0 = Debug|Any CPU
		{E01EA7A7-829B-456D-B9B1-7583A9E476A3}.Debug|x86.ActiveCfg = Debug|Any CPU
		{E01EA7A7-829B-456D-B9B1-7583A9E476A3}.Debug|x86.Build.0 = Debug|Any CPU
		{E01EA7A7-829B-456D-B9B1-7583A9E476A3}.Release|Any CPU.ActiveCfg = Release|Any CPU
		{E01EA7A7-829B-456D-B9B1-7583A9E476A3}.Release|Any CPU.Build.0 = Release|Any CPU
		{E01EA7A7-829B-456D-B9B1-7583A9E476A3}.Release|x64.ActiveCfg = Release|Any CPU
		{E01EA7A7-829B-456D-B9B1-7583A9E476A3}.Release|x64.Build.0 = Release|Any CPU
		{E01EA7A7-829B-456D-B9B1-7583A9E476A3}.Release|x86.ActiveCfg = Release|Any CPU
		{E01EA7A7-829B-456D-B9B1-7583A9E476A3}.Release|x86.Build.0 = Release|Any CPU
		{F9F3259A-602A-40C8-BC33-358CC5CAB0D2}.Debug|Any CPU.ActiveCfg = Debug|Any CPU
		{F9F3259A-602A-40C8-BC33-358CC5CAB0D2}.Debug|Any CPU.Build.0 = Debug|Any CPU
		{F9F3259A-602A-40C8-BC33-358CC5CAB0D2}.Debug|x64.ActiveCfg = Debug|Any CPU
		{F9F3259A-602A-40C8-BC33-358CC5CAB0D2}.Debug|x64.Build.0 = Debug|Any CPU
		{F9F3259A-602A-40C8-BC33-358CC5CAB0D2}.Debug|x86.ActiveCfg = Debug|Any CPU
		{F9F3259A-602A-40C8-BC33-358CC5CAB0D2}.Debug|x86.Build.0 = Debug|Any CPU
		{F9F3259A-602A-40C8-BC33-358CC5CAB0D2}.Release|Any CPU.ActiveCfg = Release|Any CPU
		{F9F3259A-602A-40C8-BC33-358CC5CAB0D2}.Release|Any CPU.Build.0 = Release|Any CPU
		{F9F3259A-602A-40C8-BC33-358CC5CAB0D2}.Release|x64.ActiveCfg = Release|Any CPU
		{F9F3259A-602A-40C8-BC33-358CC5CAB0D2}.Release|x64.Build.0 = Release|Any CPU
		{F9F3259A-602A-40C8-BC33-358CC5CAB0D2}.Release|x86.ActiveCfg = Release|Any CPU
		{F9F3259A-602A-40C8-BC33-358CC5CAB0D2}.Release|x86.Build.0 = Release|Any CPU
		{F0E37012-EF76-46DA-A7BC-24E5F6228C89}.Debug|Any CPU.ActiveCfg = Debug|Any CPU
		{F0E37012-EF76-46DA-A7BC-24E5F6228C89}.Debug|Any CPU.Build.0 = Debug|Any CPU
		{F0E37012-EF76-46DA-A7BC-24E5F6228C89}.Debug|x64.ActiveCfg = Debug|Any CPU
		{F0E37012-EF76-46DA-A7BC-24E5F6228C89}.Debug|x64.Build.0 = Debug|Any CPU
		{F0E37012-EF76-46DA-A7BC-24E5F6228C89}.Debug|x86.ActiveCfg = Debug|Any CPU
		{F0E37012-EF76-46DA-A7BC-24E5F6228C89}.Debug|x86.Build.0 = Debug|Any CPU
		{F0E37012-EF76-46DA-A7BC-24E5F6228C89}.Release|Any CPU.ActiveCfg = Release|Any CPU
		{F0E37012-EF76-46DA-A7BC-24E5F6228C89}.Release|Any CPU.Build.0 = Release|Any CPU
		{F0E37012-EF76-46DA-A7BC-24E5F6228C89}.Release|x64.ActiveCfg = Release|Any CPU
		{F0E37012-EF76-46DA-A7BC-24E5F6228C89}.Release|x64.Build.0 = Release|Any CPU
		{F0E37012-EF76-46DA-A7BC-24E5F6228C89}.Release|x86.ActiveCfg = Release|Any CPU
		{F0E37012-EF76-46DA-A7BC-24E5F6228C89}.Release|x86.Build.0 = Release|Any CPU
		{41F23587-3BC8-4C03-B877-249CFD1E2833}.Debug|Any CPU.ActiveCfg = Debug|Any CPU
		{41F23587-3BC8-4C03-B877-249CFD1E2833}.Debug|Any CPU.Build.0 = Debug|Any CPU
		{41F23587-3BC8-4C03-B877-249CFD1E2833}.Debug|x64.ActiveCfg = Debug|Any CPU
		{41F23587-3BC8-4C03-B877-249CFD1E2833}.Debug|x64.Build.0 = Debug|Any CPU
		{41F23587-3BC8-4C03-B877-249CFD1E2833}.Debug|x86.ActiveCfg = Debug|Any CPU
		{41F23587-3BC8-4C03-B877-249CFD1E2833}.Debug|x86.Build.0 = Debug|Any CPU
		{41F23587-3BC8-4C03-B877-249CFD1E2833}.Release|Any CPU.ActiveCfg = Release|Any CPU
		{41F23587-3BC8-4C03-B877-249CFD1E2833}.Release|Any CPU.Build.0 = Release|Any CPU
		{41F23587-3BC8-4C03-B877-249CFD1E2833}.Release|x64.ActiveCfg = Release|Any CPU
		{41F23587-3BC8-4C03-B877-249CFD1E2833}.Release|x64.Build.0 = Release|Any CPU
		{41F23587-3BC8-4C03-B877-249CFD1E2833}.Release|x86.ActiveCfg = Release|Any CPU
		{41F23587-3BC8-4C03-B877-249CFD1E2833}.Release|x86.Build.0 = Release|Any CPU
		{D31DDBFD-7338-477F-B592-75EBD9FBEF7E}.Debug|Any CPU.ActiveCfg = Debug|Any CPU
		{D31DDBFD-7338-477F-B592-75EBD9FBEF7E}.Debug|Any CPU.Build.0 = Debug|Any CPU
		{D31DDBFD-7338-477F-B592-75EBD9FBEF7E}.Debug|x64.ActiveCfg = Debug|Any CPU
		{D31DDBFD-7338-477F-B592-75EBD9FBEF7E}.Debug|x64.Build.0 = Debug|Any CPU
		{D31DDBFD-7338-477F-B592-75EBD9FBEF7E}.Debug|x86.ActiveCfg = Debug|Any CPU
		{D31DDBFD-7338-477F-B592-75EBD9FBEF7E}.Debug|x86.Build.0 = Debug|Any CPU
		{D31DDBFD-7338-477F-B592-75EBD9FBEF7E}.Release|Any CPU.ActiveCfg = Release|Any CPU
		{D31DDBFD-7338-477F-B592-75EBD9FBEF7E}.Release|Any CPU.Build.0 = Release|Any CPU
		{D31DDBFD-7338-477F-B592-75EBD9FBEF7E}.Release|x64.ActiveCfg = Release|Any CPU
		{D31DDBFD-7338-477F-B592-75EBD9FBEF7E}.Release|x64.Build.0 = Release|Any CPU
		{D31DDBFD-7338-477F-B592-75EBD9FBEF7E}.Release|x86.ActiveCfg = Release|Any CPU
		{D31DDBFD-7338-477F-B592-75EBD9FBEF7E}.Release|x86.Build.0 = Release|Any CPU
		{B956A883-7FEF-4BC6-93BA-F60D8F5E18EF}.Debug|Any CPU.ActiveCfg = Debug|Any CPU
		{B956A883-7FEF-4BC6-93BA-F60D8F5E18EF}.Debug|Any CPU.Build.0 = Debug|Any CPU
		{B956A883-7FEF-4BC6-93BA-F60D8F5E18EF}.Debug|x64.ActiveCfg = Debug|Any CPU
		{B956A883-7FEF-4BC6-93BA-F60D8F5E18EF}.Debug|x64.Build.0 = Debug|Any CPU
		{B956A883-7FEF-4BC6-93BA-F60D8F5E18EF}.Debug|x86.ActiveCfg = Debug|Any CPU
		{B956A883-7FEF-4BC6-93BA-F60D8F5E18EF}.Debug|x86.Build.0 = Debug|Any CPU
		{B956A883-7FEF-4BC6-93BA-F60D8F5E18EF}.Release|Any CPU.ActiveCfg = Release|Any CPU
		{B956A883-7FEF-4BC6-93BA-F60D8F5E18EF}.Release|Any CPU.Build.0 = Release|Any CPU
		{B956A883-7FEF-4BC6-93BA-F60D8F5E18EF}.Release|x64.ActiveCfg = Release|Any CPU
		{B956A883-7FEF-4BC6-93BA-F60D8F5E18EF}.Release|x64.Build.0 = Release|Any CPU
		{B956A883-7FEF-4BC6-93BA-F60D8F5E18EF}.Release|x86.ActiveCfg = Release|Any CPU
		{B956A883-7FEF-4BC6-93BA-F60D8F5E18EF}.Release|x86.Build.0 = Release|Any CPU
		{D8065A99-6567-4B1C-BF83-60CBA83855B4}.Debug|Any CPU.ActiveCfg = Debug|Any CPU
		{D8065A99-6567-4B1C-BF83-60CBA83855B4}.Debug|Any CPU.Build.0 = Debug|Any CPU
		{D8065A99-6567-4B1C-BF83-60CBA83855B4}.Debug|x64.ActiveCfg = Debug|Any CPU
		{D8065A99-6567-4B1C-BF83-60CBA83855B4}.Debug|x64.Build.0 = Debug|Any CPU
		{D8065A99-6567-4B1C-BF83-60CBA83855B4}.Debug|x86.ActiveCfg = Debug|Any CPU
		{D8065A99-6567-4B1C-BF83-60CBA83855B4}.Debug|x86.Build.0 = Debug|Any CPU
		{D8065A99-6567-4B1C-BF83-60CBA83855B4}.Release|Any CPU.ActiveCfg = Release|Any CPU
		{D8065A99-6567-4B1C-BF83-60CBA83855B4}.Release|Any CPU.Build.0 = Release|Any CPU
		{D8065A99-6567-4B1C-BF83-60CBA83855B4}.Release|x64.ActiveCfg = Release|Any CPU
		{D8065A99-6567-4B1C-BF83-60CBA83855B4}.Release|x64.Build.0 = Release|Any CPU
		{D8065A99-6567-4B1C-BF83-60CBA83855B4}.Release|x86.ActiveCfg = Release|Any CPU
		{D8065A99-6567-4B1C-BF83-60CBA83855B4}.Release|x86.Build.0 = Release|Any CPU
		{158195BF-E28B-43A7-A848-078FF12D530C}.Debug|Any CPU.ActiveCfg = Debug|Any CPU
		{158195BF-E28B-43A7-A848-078FF12D530C}.Debug|Any CPU.Build.0 = Debug|Any CPU
		{158195BF-E28B-43A7-A848-078FF12D530C}.Debug|x64.ActiveCfg = Debug|Any CPU
		{158195BF-E28B-43A7-A848-078FF12D530C}.Debug|x64.Build.0 = Debug|Any CPU
		{158195BF-E28B-43A7-A848-078FF12D530C}.Debug|x86.ActiveCfg = Debug|Any CPU
		{158195BF-E28B-43A7-A848-078FF12D530C}.Debug|x86.Build.0 = Debug|Any CPU
		{158195BF-E28B-43A7-A848-078FF12D530C}.Release|Any CPU.ActiveCfg = Release|Any CPU
		{158195BF-E28B-43A7-A848-078FF12D530C}.Release|Any CPU.Build.0 = Release|Any CPU
		{158195BF-E28B-43A7-A848-078FF12D530C}.Release|x64.ActiveCfg = Release|Any CPU
		{158195BF-E28B-43A7-A848-078FF12D530C}.Release|x64.Build.0 = Release|Any CPU
		{158195BF-E28B-43A7-A848-078FF12D530C}.Release|x86.ActiveCfg = Release|Any CPU
		{158195BF-E28B-43A7-A848-078FF12D530C}.Release|x86.Build.0 = Release|Any CPU
		{A3FF08D0-702D-4AA4-B7F2-E5508F5670E1}.Debug|Any CPU.ActiveCfg = Debug|Any CPU
		{A3FF08D0-702D-4AA4-B7F2-E5508F5670E1}.Debug|Any CPU.Build.0 = Debug|Any CPU
		{A3FF08D0-702D-4AA4-B7F2-E5508F5670E1}.Debug|x64.ActiveCfg = Debug|Any CPU
		{A3FF08D0-702D-4AA4-B7F2-E5508F5670E1}.Debug|x64.Build.0 = Debug|Any CPU
		{A3FF08D0-702D-4AA4-B7F2-E5508F5670E1}.Debug|x86.ActiveCfg = Debug|Any CPU
		{A3FF08D0-702D-4AA4-B7F2-E5508F5670E1}.Debug|x86.Build.0 = Debug|Any CPU
		{A3FF08D0-702D-4AA4-B7F2-E5508F5670E1}.Release|Any CPU.ActiveCfg = Release|Any CPU
		{A3FF08D0-702D-4AA4-B7F2-E5508F5670E1}.Release|Any CPU.Build.0 = Release|Any CPU
		{A3FF08D0-702D-4AA4-B7F2-E5508F5670E1}.Release|x64.ActiveCfg = Release|Any CPU
		{A3FF08D0-702D-4AA4-B7F2-E5508F5670E1}.Release|x64.Build.0 = Release|Any CPU
		{A3FF08D0-702D-4AA4-B7F2-E5508F5670E1}.Release|x86.ActiveCfg = Release|Any CPU
		{A3FF08D0-702D-4AA4-B7F2-E5508F5670E1}.Release|x86.Build.0 = Release|Any CPU
		{9CF4AB76-6E72-41F5-9137-6E4E96BAA7D9}.Debug|Any CPU.ActiveCfg = Debug|Any CPU
		{9CF4AB76-6E72-41F5-9137-6E4E96BAA7D9}.Debug|Any CPU.Build.0 = Debug|Any CPU
		{9CF4AB76-6E72-41F5-9137-6E4E96BAA7D9}.Debug|x64.ActiveCfg = Debug|Any CPU
		{9CF4AB76-6E72-41F5-9137-6E4E96BAA7D9}.Debug|x64.Build.0 = Debug|Any CPU
		{9CF4AB76-6E72-41F5-9137-6E4E96BAA7D9}.Debug|x86.ActiveCfg = Debug|Any CPU
		{9CF4AB76-6E72-41F5-9137-6E4E96BAA7D9}.Debug|x86.Build.0 = Debug|Any CPU
		{9CF4AB76-6E72-41F5-9137-6E4E96BAA7D9}.Release|Any CPU.ActiveCfg = Release|Any CPU
		{9CF4AB76-6E72-41F5-9137-6E4E96BAA7D9}.Release|Any CPU.Build.0 = Release|Any CPU
		{9CF4AB76-6E72-41F5-9137-6E4E96BAA7D9}.Release|x64.ActiveCfg = Release|Any CPU
		{9CF4AB76-6E72-41F5-9137-6E4E96BAA7D9}.Release|x64.Build.0 = Release|Any CPU
		{9CF4AB76-6E72-41F5-9137-6E4E96BAA7D9}.Release|x86.ActiveCfg = Release|Any CPU
		{9CF4AB76-6E72-41F5-9137-6E4E96BAA7D9}.Release|x86.Build.0 = Release|Any CPU
		{595042DB-80FB-4AB0-A577-DC78C90C7695}.Debug|Any CPU.ActiveCfg = Debug|Any CPU
		{595042DB-80FB-4AB0-A577-DC78C90C7695}.Debug|Any CPU.Build.0 = Debug|Any CPU
		{595042DB-80FB-4AB0-A577-DC78C90C7695}.Debug|x64.ActiveCfg = Debug|Any CPU
		{595042DB-80FB-4AB0-A577-DC78C90C7695}.Debug|x64.Build.0 = Debug|Any CPU
		{595042DB-80FB-4AB0-A577-DC78C90C7695}.Debug|x86.ActiveCfg = Debug|Any CPU
		{595042DB-80FB-4AB0-A577-DC78C90C7695}.Debug|x86.Build.0 = Debug|Any CPU
		{595042DB-80FB-4AB0-A577-DC78C90C7695}.Release|Any CPU.ActiveCfg = Release|Any CPU
		{595042DB-80FB-4AB0-A577-DC78C90C7695}.Release|Any CPU.Build.0 = Release|Any CPU
		{595042DB-80FB-4AB0-A577-DC78C90C7695}.Release|x64.ActiveCfg = Release|Any CPU
		{595042DB-80FB-4AB0-A577-DC78C90C7695}.Release|x64.Build.0 = Release|Any CPU
		{595042DB-80FB-4AB0-A577-DC78C90C7695}.Release|x86.ActiveCfg = Release|Any CPU
		{595042DB-80FB-4AB0-A577-DC78C90C7695}.Release|x86.Build.0 = Release|Any CPU
		{F7AE84BA-6BD2-4251-8073-58A62EBE1CEE}.Debug|Any CPU.ActiveCfg = Debug|Any CPU
		{F7AE84BA-6BD2-4251-8073-58A62EBE1CEE}.Debug|Any CPU.Build.0 = Debug|Any CPU
		{F7AE84BA-6BD2-4251-8073-58A62EBE1CEE}.Debug|x64.ActiveCfg = Debug|Any CPU
		{F7AE84BA-6BD2-4251-8073-58A62EBE1CEE}.Debug|x64.Build.0 = Debug|Any CPU
		{F7AE84BA-6BD2-4251-8073-58A62EBE1CEE}.Debug|x86.ActiveCfg = Debug|Any CPU
		{F7AE84BA-6BD2-4251-8073-58A62EBE1CEE}.Debug|x86.Build.0 = Debug|Any CPU
		{F7AE84BA-6BD2-4251-8073-58A62EBE1CEE}.Release|Any CPU.ActiveCfg = Release|Any CPU
		{F7AE84BA-6BD2-4251-8073-58A62EBE1CEE}.Release|Any CPU.Build.0 = Release|Any CPU
		{F7AE84BA-6BD2-4251-8073-58A62EBE1CEE}.Release|x64.ActiveCfg = Release|Any CPU
		{F7AE84BA-6BD2-4251-8073-58A62EBE1CEE}.Release|x64.Build.0 = Release|Any CPU
		{F7AE84BA-6BD2-4251-8073-58A62EBE1CEE}.Release|x86.ActiveCfg = Release|Any CPU
		{F7AE84BA-6BD2-4251-8073-58A62EBE1CEE}.Release|x86.Build.0 = Release|Any CPU
		{A31B1B06-6F27-48BE-A92A-0F7257DC5B3A}.Debug|Any CPU.ActiveCfg = Debug|Any CPU
		{A31B1B06-6F27-48BE-A92A-0F7257DC5B3A}.Debug|Any CPU.Build.0 = Debug|Any CPU
		{A31B1B06-6F27-48BE-A92A-0F7257DC5B3A}.Debug|x64.ActiveCfg = Debug|Any CPU
		{A31B1B06-6F27-48BE-A92A-0F7257DC5B3A}.Debug|x64.Build.0 = Debug|Any CPU
		{A31B1B06-6F27-48BE-A92A-0F7257DC5B3A}.Debug|x86.ActiveCfg = Debug|Any CPU
		{A31B1B06-6F27-48BE-A92A-0F7257DC5B3A}.Debug|x86.Build.0 = Debug|Any CPU
		{A31B1B06-6F27-48BE-A92A-0F7257DC5B3A}.Release|Any CPU.ActiveCfg = Release|Any CPU
		{A31B1B06-6F27-48BE-A92A-0F7257DC5B3A}.Release|Any CPU.Build.0 = Release|Any CPU
		{A31B1B06-6F27-48BE-A92A-0F7257DC5B3A}.Release|x64.ActiveCfg = Release|Any CPU
		{A31B1B06-6F27-48BE-A92A-0F7257DC5B3A}.Release|x64.Build.0 = Release|Any CPU
		{A31B1B06-6F27-48BE-A92A-0F7257DC5B3A}.Release|x86.ActiveCfg = Release|Any CPU
		{A31B1B06-6F27-48BE-A92A-0F7257DC5B3A}.Release|x86.Build.0 = Release|Any CPU
		{88F30934-F6D4-4CED-B146-1983987A87A3}.Debug|Any CPU.ActiveCfg = Debug|Any CPU
		{88F30934-F6D4-4CED-B146-1983987A87A3}.Debug|Any CPU.Build.0 = Debug|Any CPU
		{88F30934-F6D4-4CED-B146-1983987A87A3}.Debug|x64.ActiveCfg = Debug|Any CPU
		{88F30934-F6D4-4CED-B146-1983987A87A3}.Debug|x64.Build.0 = Debug|Any CPU
		{88F30934-F6D4-4CED-B146-1983987A87A3}.Debug|x86.ActiveCfg = Debug|Any CPU
		{88F30934-F6D4-4CED-B146-1983987A87A3}.Debug|x86.Build.0 = Debug|Any CPU
		{88F30934-F6D4-4CED-B146-1983987A87A3}.Release|Any CPU.ActiveCfg = Release|Any CPU
		{88F30934-F6D4-4CED-B146-1983987A87A3}.Release|Any CPU.Build.0 = Release|Any CPU
		{88F30934-F6D4-4CED-B146-1983987A87A3}.Release|x64.ActiveCfg = Release|Any CPU
		{88F30934-F6D4-4CED-B146-1983987A87A3}.Release|x64.Build.0 = Release|Any CPU
		{88F30934-F6D4-4CED-B146-1983987A87A3}.Release|x86.ActiveCfg = Release|Any CPU
		{88F30934-F6D4-4CED-B146-1983987A87A3}.Release|x86.Build.0 = Release|Any CPU
		{986C3310-5C59-4920-8E2B-D08B04886364}.Debug|Any CPU.ActiveCfg = Debug|Any CPU
		{986C3310-5C59-4920-8E2B-D08B04886364}.Debug|Any CPU.Build.0 = Debug|Any CPU
		{986C3310-5C59-4920-8E2B-D08B04886364}.Debug|x64.ActiveCfg = Debug|Any CPU
		{986C3310-5C59-4920-8E2B-D08B04886364}.Debug|x64.Build.0 = Debug|Any CPU
		{986C3310-5C59-4920-8E2B-D08B04886364}.Debug|x86.ActiveCfg = Debug|Any CPU
		{986C3310-5C59-4920-8E2B-D08B04886364}.Debug|x86.Build.0 = Debug|Any CPU
		{986C3310-5C59-4920-8E2B-D08B04886364}.Release|Any CPU.ActiveCfg = Release|Any CPU
		{986C3310-5C59-4920-8E2B-D08B04886364}.Release|Any CPU.Build.0 = Release|Any CPU
		{986C3310-5C59-4920-8E2B-D08B04886364}.Release|x64.ActiveCfg = Release|Any CPU
		{986C3310-5C59-4920-8E2B-D08B04886364}.Release|x64.Build.0 = Release|Any CPU
		{986C3310-5C59-4920-8E2B-D08B04886364}.Release|x86.ActiveCfg = Release|Any CPU
		{986C3310-5C59-4920-8E2B-D08B04886364}.Release|x86.Build.0 = Release|Any CPU
		{EE043DC5-3761-47EB-9A4A-F4AF8B89099A}.Debug|Any CPU.ActiveCfg = Debug|Any CPU
		{EE043DC5-3761-47EB-9A4A-F4AF8B89099A}.Debug|Any CPU.Build.0 = Debug|Any CPU
		{EE043DC5-3761-47EB-9A4A-F4AF8B89099A}.Debug|x64.ActiveCfg = Debug|Any CPU
		{EE043DC5-3761-47EB-9A4A-F4AF8B89099A}.Debug|x64.Build.0 = Debug|Any CPU
		{EE043DC5-3761-47EB-9A4A-F4AF8B89099A}.Debug|x86.ActiveCfg = Debug|Any CPU
		{EE043DC5-3761-47EB-9A4A-F4AF8B89099A}.Debug|x86.Build.0 = Debug|Any CPU
		{EE043DC5-3761-47EB-9A4A-F4AF8B89099A}.Release|Any CPU.ActiveCfg = Release|Any CPU
		{EE043DC5-3761-47EB-9A4A-F4AF8B89099A}.Release|Any CPU.Build.0 = Release|Any CPU
		{EE043DC5-3761-47EB-9A4A-F4AF8B89099A}.Release|x64.ActiveCfg = Release|Any CPU
		{EE043DC5-3761-47EB-9A4A-F4AF8B89099A}.Release|x64.Build.0 = Release|Any CPU
		{EE043DC5-3761-47EB-9A4A-F4AF8B89099A}.Release|x86.ActiveCfg = Release|Any CPU
		{EE043DC5-3761-47EB-9A4A-F4AF8B89099A}.Release|x86.Build.0 = Release|Any CPU
		{0A8FBDC0-C68B-4363-9488-A38C0B1E3205}.Debug|Any CPU.ActiveCfg = Debug|Any CPU
		{0A8FBDC0-C68B-4363-9488-A38C0B1E3205}.Debug|Any CPU.Build.0 = Debug|Any CPU
		{0A8FBDC0-C68B-4363-9488-A38C0B1E3205}.Debug|x64.ActiveCfg = Debug|Any CPU
		{0A8FBDC0-C68B-4363-9488-A38C0B1E3205}.Debug|x64.Build.0 = Debug|Any CPU
		{0A8FBDC0-C68B-4363-9488-A38C0B1E3205}.Debug|x86.ActiveCfg = Debug|Any CPU
		{0A8FBDC0-C68B-4363-9488-A38C0B1E3205}.Debug|x86.Build.0 = Debug|Any CPU
		{0A8FBDC0-C68B-4363-9488-A38C0B1E3205}.Release|Any CPU.ActiveCfg = Release|Any CPU
		{0A8FBDC0-C68B-4363-9488-A38C0B1E3205}.Release|Any CPU.Build.0 = Release|Any CPU
		{0A8FBDC0-C68B-4363-9488-A38C0B1E3205}.Release|x64.ActiveCfg = Release|Any CPU
		{0A8FBDC0-C68B-4363-9488-A38C0B1E3205}.Release|x64.Build.0 = Release|Any CPU
		{0A8FBDC0-C68B-4363-9488-A38C0B1E3205}.Release|x86.ActiveCfg = Release|Any CPU
		{0A8FBDC0-C68B-4363-9488-A38C0B1E3205}.Release|x86.Build.0 = Release|Any CPU
		{18F57564-85C5-4914-AF7C-8FC3BB2EF6AA}.Debug|Any CPU.ActiveCfg = Debug|Any CPU
		{18F57564-85C5-4914-AF7C-8FC3BB2EF6AA}.Debug|Any CPU.Build.0 = Debug|Any CPU
		{18F57564-85C5-4914-AF7C-8FC3BB2EF6AA}.Debug|x64.ActiveCfg = Debug|Any CPU
		{18F57564-85C5-4914-AF7C-8FC3BB2EF6AA}.Debug|x64.Build.0 = Debug|Any CPU
		{18F57564-85C5-4914-AF7C-8FC3BB2EF6AA}.Debug|x86.ActiveCfg = Debug|Any CPU
		{18F57564-85C5-4914-AF7C-8FC3BB2EF6AA}.Debug|x86.Build.0 = Debug|Any CPU
		{18F57564-85C5-4914-AF7C-8FC3BB2EF6AA}.Release|Any CPU.ActiveCfg = Release|Any CPU
		{18F57564-85C5-4914-AF7C-8FC3BB2EF6AA}.Release|Any CPU.Build.0 = Release|Any CPU
		{18F57564-85C5-4914-AF7C-8FC3BB2EF6AA}.Release|x64.ActiveCfg = Release|Any CPU
		{18F57564-85C5-4914-AF7C-8FC3BB2EF6AA}.Release|x64.Build.0 = Release|Any CPU
		{18F57564-85C5-4914-AF7C-8FC3BB2EF6AA}.Release|x86.ActiveCfg = Release|Any CPU
		{18F57564-85C5-4914-AF7C-8FC3BB2EF6AA}.Release|x86.Build.0 = Release|Any CPU
		{5CA5864C-B126-46C2-ADC6-9A4B8CA7160A}.Debug|Any CPU.ActiveCfg = Debug|Any CPU
		{5CA5864C-B126-46C2-ADC6-9A4B8CA7160A}.Debug|Any CPU.Build.0 = Debug|Any CPU
		{5CA5864C-B126-46C2-ADC6-9A4B8CA7160A}.Debug|x64.ActiveCfg = Debug|Any CPU
		{5CA5864C-B126-46C2-ADC6-9A4B8CA7160A}.Debug|x64.Build.0 = Debug|Any CPU
		{5CA5864C-B126-46C2-ADC6-9A4B8CA7160A}.Debug|x86.ActiveCfg = Debug|Any CPU
		{5CA5864C-B126-46C2-ADC6-9A4B8CA7160A}.Debug|x86.Build.0 = Debug|Any CPU
		{5CA5864C-B126-46C2-ADC6-9A4B8CA7160A}.Release|Any CPU.ActiveCfg = Release|Any CPU
		{5CA5864C-B126-46C2-ADC6-9A4B8CA7160A}.Release|Any CPU.Build.0 = Release|Any CPU
		{5CA5864C-B126-46C2-ADC6-9A4B8CA7160A}.Release|x64.ActiveCfg = Release|Any CPU
		{5CA5864C-B126-46C2-ADC6-9A4B8CA7160A}.Release|x64.Build.0 = Release|Any CPU
		{5CA5864C-B126-46C2-ADC6-9A4B8CA7160A}.Release|x86.ActiveCfg = Release|Any CPU
		{5CA5864C-B126-46C2-ADC6-9A4B8CA7160A}.Release|x86.Build.0 = Release|Any CPU
		{37E1D86B-C6CE-4107-B332-26AE13EDA692}.Debug|Any CPU.ActiveCfg = Debug|Any CPU
		{37E1D86B-C6CE-4107-B332-26AE13EDA692}.Debug|Any CPU.Build.0 = Debug|Any CPU
		{37E1D86B-C6CE-4107-B332-26AE13EDA692}.Debug|x64.ActiveCfg = Debug|Any CPU
		{37E1D86B-C6CE-4107-B332-26AE13EDA692}.Debug|x64.Build.0 = Debug|Any CPU
		{37E1D86B-C6CE-4107-B332-26AE13EDA692}.Debug|x86.ActiveCfg = Debug|Any CPU
		{37E1D86B-C6CE-4107-B332-26AE13EDA692}.Debug|x86.Build.0 = Debug|Any CPU
		{37E1D86B-C6CE-4107-B332-26AE13EDA692}.Release|Any CPU.ActiveCfg = Release|Any CPU
		{37E1D86B-C6CE-4107-B332-26AE13EDA692}.Release|Any CPU.Build.0 = Release|Any CPU
		{37E1D86B-C6CE-4107-B332-26AE13EDA692}.Release|x64.ActiveCfg = Release|Any CPU
		{37E1D86B-C6CE-4107-B332-26AE13EDA692}.Release|x64.Build.0 = Release|Any CPU
		{37E1D86B-C6CE-4107-B332-26AE13EDA692}.Release|x86.ActiveCfg = Release|Any CPU
		{37E1D86B-C6CE-4107-B332-26AE13EDA692}.Release|x86.Build.0 = Release|Any CPU
		{8BB4B885-A31A-4E35-B774-C44870A68408}.Debug|Any CPU.ActiveCfg = Debug|Any CPU
		{8BB4B885-A31A-4E35-B774-C44870A68408}.Debug|Any CPU.Build.0 = Debug|Any CPU
		{8BB4B885-A31A-4E35-B774-C44870A68408}.Debug|x64.ActiveCfg = Debug|Any CPU
		{8BB4B885-A31A-4E35-B774-C44870A68408}.Debug|x64.Build.0 = Debug|Any CPU
		{8BB4B885-A31A-4E35-B774-C44870A68408}.Debug|x86.ActiveCfg = Debug|Any CPU
		{8BB4B885-A31A-4E35-B774-C44870A68408}.Debug|x86.Build.0 = Debug|Any CPU
		{8BB4B885-A31A-4E35-B774-C44870A68408}.Release|Any CPU.ActiveCfg = Release|Any CPU
		{8BB4B885-A31A-4E35-B774-C44870A68408}.Release|Any CPU.Build.0 = Release|Any CPU
		{8BB4B885-A31A-4E35-B774-C44870A68408}.Release|x64.ActiveCfg = Release|Any CPU
		{8BB4B885-A31A-4E35-B774-C44870A68408}.Release|x64.Build.0 = Release|Any CPU
		{8BB4B885-A31A-4E35-B774-C44870A68408}.Release|x86.ActiveCfg = Release|Any CPU
		{8BB4B885-A31A-4E35-B774-C44870A68408}.Release|x86.Build.0 = Release|Any CPU
		{FAA9F66B-EC8A-4A8C-B50E-22AE3260C887}.Debug|Any CPU.ActiveCfg = Debug|Any CPU
		{FAA9F66B-EC8A-4A8C-B50E-22AE3260C887}.Debug|Any CPU.Build.0 = Debug|Any CPU
		{FAA9F66B-EC8A-4A8C-B50E-22AE3260C887}.Debug|x64.ActiveCfg = Debug|Any CPU
		{FAA9F66B-EC8A-4A8C-B50E-22AE3260C887}.Debug|x64.Build.0 = Debug|Any CPU
		{FAA9F66B-EC8A-4A8C-B50E-22AE3260C887}.Debug|x86.ActiveCfg = Debug|Any CPU
		{FAA9F66B-EC8A-4A8C-B50E-22AE3260C887}.Debug|x86.Build.0 = Debug|Any CPU
		{FAA9F66B-EC8A-4A8C-B50E-22AE3260C887}.Release|Any CPU.ActiveCfg = Release|Any CPU
		{FAA9F66B-EC8A-4A8C-B50E-22AE3260C887}.Release|Any CPU.Build.0 = Release|Any CPU
		{FAA9F66B-EC8A-4A8C-B50E-22AE3260C887}.Release|x64.ActiveCfg = Release|Any CPU
		{FAA9F66B-EC8A-4A8C-B50E-22AE3260C887}.Release|x64.Build.0 = Release|Any CPU
		{FAA9F66B-EC8A-4A8C-B50E-22AE3260C887}.Release|x86.ActiveCfg = Release|Any CPU
		{FAA9F66B-EC8A-4A8C-B50E-22AE3260C887}.Release|x86.Build.0 = Release|Any CPU
		{D04A7AA2-C6FB-4B87-979E-8515D675829D}.Debug|Any CPU.ActiveCfg = Debug|Any CPU
		{D04A7AA2-C6FB-4B87-979E-8515D675829D}.Debug|Any CPU.Build.0 = Debug|Any CPU
		{D04A7AA2-C6FB-4B87-979E-8515D675829D}.Debug|x64.ActiveCfg = Debug|Any CPU
		{D04A7AA2-C6FB-4B87-979E-8515D675829D}.Debug|x64.Build.0 = Debug|Any CPU
		{D04A7AA2-C6FB-4B87-979E-8515D675829D}.Debug|x86.ActiveCfg = Debug|Any CPU
		{D04A7AA2-C6FB-4B87-979E-8515D675829D}.Debug|x86.Build.0 = Debug|Any CPU
		{D04A7AA2-C6FB-4B87-979E-8515D675829D}.Release|Any CPU.ActiveCfg = Release|Any CPU
		{D04A7AA2-C6FB-4B87-979E-8515D675829D}.Release|Any CPU.Build.0 = Release|Any CPU
		{D04A7AA2-C6FB-4B87-979E-8515D675829D}.Release|x64.ActiveCfg = Release|Any CPU
		{D04A7AA2-C6FB-4B87-979E-8515D675829D}.Release|x64.Build.0 = Release|Any CPU
		{D04A7AA2-C6FB-4B87-979E-8515D675829D}.Release|x86.ActiveCfg = Release|Any CPU
		{D04A7AA2-C6FB-4B87-979E-8515D675829D}.Release|x86.Build.0 = Release|Any CPU
		{B9F42F28-DA36-4C0C-AD8C-6B807B0B4B8C}.Debug|Any CPU.ActiveCfg = Debug|Any CPU
		{B9F42F28-DA36-4C0C-AD8C-6B807B0B4B8C}.Debug|Any CPU.Build.0 = Debug|Any CPU
		{B9F42F28-DA36-4C0C-AD8C-6B807B0B4B8C}.Debug|x64.ActiveCfg = Debug|Any CPU
		{B9F42F28-DA36-4C0C-AD8C-6B807B0B4B8C}.Debug|x64.Build.0 = Debug|Any CPU
		{B9F42F28-DA36-4C0C-AD8C-6B807B0B4B8C}.Debug|x86.ActiveCfg = Debug|Any CPU
		{B9F42F28-DA36-4C0C-AD8C-6B807B0B4B8C}.Debug|x86.Build.0 = Debug|Any CPU
		{B9F42F28-DA36-4C0C-AD8C-6B807B0B4B8C}.Release|Any CPU.ActiveCfg = Release|Any CPU
		{B9F42F28-DA36-4C0C-AD8C-6B807B0B4B8C}.Release|Any CPU.Build.0 = Release|Any CPU
		{B9F42F28-DA36-4C0C-AD8C-6B807B0B4B8C}.Release|x64.ActiveCfg = Release|Any CPU
		{B9F42F28-DA36-4C0C-AD8C-6B807B0B4B8C}.Release|x64.Build.0 = Release|Any CPU
		{B9F42F28-DA36-4C0C-AD8C-6B807B0B4B8C}.Release|x86.ActiveCfg = Release|Any CPU
		{B9F42F28-DA36-4C0C-AD8C-6B807B0B4B8C}.Release|x86.Build.0 = Release|Any CPU
		{3AA70B1D-C5E1-4E7B-B9B1-0AC2CDDEB58A}.Debug|Any CPU.ActiveCfg = Debug|Any CPU
		{3AA70B1D-C5E1-4E7B-B9B1-0AC2CDDEB58A}.Debug|Any CPU.Build.0 = Debug|Any CPU
		{3AA70B1D-C5E1-4E7B-B9B1-0AC2CDDEB58A}.Debug|x64.ActiveCfg = Debug|Any CPU
		{3AA70B1D-C5E1-4E7B-B9B1-0AC2CDDEB58A}.Debug|x64.Build.0 = Debug|Any CPU
		{3AA70B1D-C5E1-4E7B-B9B1-0AC2CDDEB58A}.Debug|x86.ActiveCfg = Debug|Any CPU
		{3AA70B1D-C5E1-4E7B-B9B1-0AC2CDDEB58A}.Debug|x86.Build.0 = Debug|Any CPU
		{3AA70B1D-C5E1-4E7B-B9B1-0AC2CDDEB58A}.Release|Any CPU.ActiveCfg = Release|Any CPU
		{3AA70B1D-C5E1-4E7B-B9B1-0AC2CDDEB58A}.Release|Any CPU.Build.0 = Release|Any CPU
		{3AA70B1D-C5E1-4E7B-B9B1-0AC2CDDEB58A}.Release|x64.ActiveCfg = Release|Any CPU
		{3AA70B1D-C5E1-4E7B-B9B1-0AC2CDDEB58A}.Release|x64.Build.0 = Release|Any CPU
		{3AA70B1D-C5E1-4E7B-B9B1-0AC2CDDEB58A}.Release|x86.ActiveCfg = Release|Any CPU
		{3AA70B1D-C5E1-4E7B-B9B1-0AC2CDDEB58A}.Release|x86.Build.0 = Release|Any CPU
		{4D7FE4AD-CB46-4B88-B9DD-EDD7A5BEE675}.Debug|Any CPU.ActiveCfg = Debug|Any CPU
		{4D7FE4AD-CB46-4B88-B9DD-EDD7A5BEE675}.Debug|Any CPU.Build.0 = Debug|Any CPU
		{4D7FE4AD-CB46-4B88-B9DD-EDD7A5BEE675}.Debug|x64.ActiveCfg = Debug|Any CPU
		{4D7FE4AD-CB46-4B88-B9DD-EDD7A5BEE675}.Debug|x64.Build.0 = Debug|Any CPU
		{4D7FE4AD-CB46-4B88-B9DD-EDD7A5BEE675}.Debug|x86.ActiveCfg = Debug|Any CPU
		{4D7FE4AD-CB46-4B88-B9DD-EDD7A5BEE675}.Debug|x86.Build.0 = Debug|Any CPU
		{4D7FE4AD-CB46-4B88-B9DD-EDD7A5BEE675}.Release|Any CPU.ActiveCfg = Release|Any CPU
		{4D7FE4AD-CB46-4B88-B9DD-EDD7A5BEE675}.Release|Any CPU.Build.0 = Release|Any CPU
		{4D7FE4AD-CB46-4B88-B9DD-EDD7A5BEE675}.Release|x64.ActiveCfg = Release|Any CPU
		{4D7FE4AD-CB46-4B88-B9DD-EDD7A5BEE675}.Release|x64.Build.0 = Release|Any CPU
		{4D7FE4AD-CB46-4B88-B9DD-EDD7A5BEE675}.Release|x86.ActiveCfg = Release|Any CPU
		{4D7FE4AD-CB46-4B88-B9DD-EDD7A5BEE675}.Release|x86.Build.0 = Release|Any CPU
		{01DB6841-AF8D-4202-A7DA-06EEB78E1A83}.Debug|Any CPU.ActiveCfg = Debug|Any CPU
		{01DB6841-AF8D-4202-A7DA-06EEB78E1A83}.Debug|Any CPU.Build.0 = Debug|Any CPU
		{01DB6841-AF8D-4202-A7DA-06EEB78E1A83}.Debug|x64.ActiveCfg = Debug|Any CPU
		{01DB6841-AF8D-4202-A7DA-06EEB78E1A83}.Debug|x64.Build.0 = Debug|Any CPU
		{01DB6841-AF8D-4202-A7DA-06EEB78E1A83}.Debug|x86.ActiveCfg = Debug|Any CPU
		{01DB6841-AF8D-4202-A7DA-06EEB78E1A83}.Debug|x86.Build.0 = Debug|Any CPU
		{01DB6841-AF8D-4202-A7DA-06EEB78E1A83}.Release|Any CPU.ActiveCfg = Release|Any CPU
		{01DB6841-AF8D-4202-A7DA-06EEB78E1A83}.Release|Any CPU.Build.0 = Release|Any CPU
		{01DB6841-AF8D-4202-A7DA-06EEB78E1A83}.Release|x64.ActiveCfg = Release|Any CPU
		{01DB6841-AF8D-4202-A7DA-06EEB78E1A83}.Release|x64.Build.0 = Release|Any CPU
		{01DB6841-AF8D-4202-A7DA-06EEB78E1A83}.Release|x86.ActiveCfg = Release|Any CPU
		{01DB6841-AF8D-4202-A7DA-06EEB78E1A83}.Release|x86.Build.0 = Release|Any CPU
		{E65813D3-E5CA-45B6-9665-86DF8F43460D}.Debug|Any CPU.ActiveCfg = Debug|Any CPU
		{E65813D3-E5CA-45B6-9665-86DF8F43460D}.Debug|Any CPU.Build.0 = Debug|Any CPU
		{E65813D3-E5CA-45B6-9665-86DF8F43460D}.Debug|x64.ActiveCfg = Debug|Any CPU
		{E65813D3-E5CA-45B6-9665-86DF8F43460D}.Debug|x64.Build.0 = Debug|Any CPU
		{E65813D3-E5CA-45B6-9665-86DF8F43460D}.Debug|x86.ActiveCfg = Debug|Any CPU
		{E65813D3-E5CA-45B6-9665-86DF8F43460D}.Debug|x86.Build.0 = Debug|Any CPU
		{E65813D3-E5CA-45B6-9665-86DF8F43460D}.Release|Any CPU.ActiveCfg = Release|Any CPU
		{E65813D3-E5CA-45B6-9665-86DF8F43460D}.Release|Any CPU.Build.0 = Release|Any CPU
		{E65813D3-E5CA-45B6-9665-86DF8F43460D}.Release|x64.ActiveCfg = Release|Any CPU
		{E65813D3-E5CA-45B6-9665-86DF8F43460D}.Release|x64.Build.0 = Release|Any CPU
		{E65813D3-E5CA-45B6-9665-86DF8F43460D}.Release|x86.ActiveCfg = Release|Any CPU
		{E65813D3-E5CA-45B6-9665-86DF8F43460D}.Release|x86.Build.0 = Release|Any CPU
		{2C2EBA35-E18C-44C8-91BA-35CB52497D2C}.Debug|Any CPU.ActiveCfg = Debug|Any CPU
		{2C2EBA35-E18C-44C8-91BA-35CB52497D2C}.Debug|Any CPU.Build.0 = Debug|Any CPU
		{2C2EBA35-E18C-44C8-91BA-35CB52497D2C}.Debug|x64.ActiveCfg = Debug|Any CPU
		{2C2EBA35-E18C-44C8-91BA-35CB52497D2C}.Debug|x64.Build.0 = Debug|Any CPU
		{2C2EBA35-E18C-44C8-91BA-35CB52497D2C}.Debug|x86.ActiveCfg = Debug|Any CPU
		{2C2EBA35-E18C-44C8-91BA-35CB52497D2C}.Debug|x86.Build.0 = Debug|Any CPU
		{2C2EBA35-E18C-44C8-91BA-35CB52497D2C}.Release|Any CPU.ActiveCfg = Release|Any CPU
		{2C2EBA35-E18C-44C8-91BA-35CB52497D2C}.Release|Any CPU.Build.0 = Release|Any CPU
		{2C2EBA35-E18C-44C8-91BA-35CB52497D2C}.Release|x64.ActiveCfg = Release|Any CPU
		{2C2EBA35-E18C-44C8-91BA-35CB52497D2C}.Release|x64.Build.0 = Release|Any CPU
		{2C2EBA35-E18C-44C8-91BA-35CB52497D2C}.Release|x86.ActiveCfg = Release|Any CPU
		{2C2EBA35-E18C-44C8-91BA-35CB52497D2C}.Release|x86.Build.0 = Release|Any CPU
		{DAB9E56B-BFF1-4A68-A104-2124FC211F27}.Debug|Any CPU.ActiveCfg = Debug|Any CPU
		{DAB9E56B-BFF1-4A68-A104-2124FC211F27}.Debug|Any CPU.Build.0 = Debug|Any CPU
		{DAB9E56B-BFF1-4A68-A104-2124FC211F27}.Debug|x64.ActiveCfg = Debug|Any CPU
		{DAB9E56B-BFF1-4A68-A104-2124FC211F27}.Debug|x64.Build.0 = Debug|Any CPU
		{DAB9E56B-BFF1-4A68-A104-2124FC211F27}.Debug|x86.ActiveCfg = Debug|Any CPU
		{DAB9E56B-BFF1-4A68-A104-2124FC211F27}.Debug|x86.Build.0 = Debug|Any CPU
		{DAB9E56B-BFF1-4A68-A104-2124FC211F27}.Release|Any CPU.ActiveCfg = Release|Any CPU
		{DAB9E56B-BFF1-4A68-A104-2124FC211F27}.Release|Any CPU.Build.0 = Release|Any CPU
		{DAB9E56B-BFF1-4A68-A104-2124FC211F27}.Release|x64.ActiveCfg = Release|Any CPU
		{DAB9E56B-BFF1-4A68-A104-2124FC211F27}.Release|x64.Build.0 = Release|Any CPU
		{DAB9E56B-BFF1-4A68-A104-2124FC211F27}.Release|x86.ActiveCfg = Release|Any CPU
		{DAB9E56B-BFF1-4A68-A104-2124FC211F27}.Release|x86.Build.0 = Release|Any CPU
		{CE7C4CA6-4545-44E7-AC3A-254E8103E42B}.Debug|Any CPU.ActiveCfg = Debug|Any CPU
		{CE7C4CA6-4545-44E7-AC3A-254E8103E42B}.Debug|Any CPU.Build.0 = Debug|Any CPU
		{CE7C4CA6-4545-44E7-AC3A-254E8103E42B}.Debug|x64.ActiveCfg = Debug|Any CPU
		{CE7C4CA6-4545-44E7-AC3A-254E8103E42B}.Debug|x64.Build.0 = Debug|Any CPU
		{CE7C4CA6-4545-44E7-AC3A-254E8103E42B}.Debug|x86.ActiveCfg = Debug|Any CPU
		{CE7C4CA6-4545-44E7-AC3A-254E8103E42B}.Debug|x86.Build.0 = Debug|Any CPU
		{CE7C4CA6-4545-44E7-AC3A-254E8103E42B}.Release|Any CPU.ActiveCfg = Release|Any CPU
		{CE7C4CA6-4545-44E7-AC3A-254E8103E42B}.Release|Any CPU.Build.0 = Release|Any CPU
		{CE7C4CA6-4545-44E7-AC3A-254E8103E42B}.Release|x64.ActiveCfg = Release|Any CPU
		{CE7C4CA6-4545-44E7-AC3A-254E8103E42B}.Release|x64.Build.0 = Release|Any CPU
		{CE7C4CA6-4545-44E7-AC3A-254E8103E42B}.Release|x86.ActiveCfg = Release|Any CPU
		{CE7C4CA6-4545-44E7-AC3A-254E8103E42B}.Release|x86.Build.0 = Release|Any CPU
	EndGlobalSection
	GlobalSection(SolutionProperties) = preSolution
		HideSolutionNode = FALSE
	EndGlobalSection
	GlobalSection(NestedProjects) = preSolution
		{B146C1C5-345A-41BA-945D-8EA162C59442} = {827E0CD3-B72D-47B6-A68D-7590B98EB39B}
		{8B80A398-3967-428D-B857-3992792F9821} = {827E0CD3-B72D-47B6-A68D-7590B98EB39B}
		{0EADBB36-C17B-4082-9E68-E2DB1DC7D955} = {827E0CD3-B72D-47B6-A68D-7590B98EB39B}
		{1FB66160-663D-401D-962E-E0258F67982E} = {827E0CD3-B72D-47B6-A68D-7590B98EB39B}
		{7A06246F-CA62-4199-B8F1-DE3E0E623A2A} = {827E0CD3-B72D-47B6-A68D-7590B98EB39B}
		{19EBD94D-7B19-4006-96D8-BF830871EE33} = {827E0CD3-B72D-47B6-A68D-7590B98EB39B}
		{F3E794BF-47DA-40A8-AEE7-ECA6176748B1} = {827E0CD3-B72D-47B6-A68D-7590B98EB39B}
		{E01EA7A7-829B-456D-B9B1-7583A9E476A3} = {827E0CD3-B72D-47B6-A68D-7590B98EB39B}
		{F9F3259A-602A-40C8-BC33-358CC5CAB0D2} = {827E0CD3-B72D-47B6-A68D-7590B98EB39B}
		{F0E37012-EF76-46DA-A7BC-24E5F6228C89} = {827E0CD3-B72D-47B6-A68D-7590B98EB39B}
		{41F23587-3BC8-4C03-B877-249CFD1E2833} = {827E0CD3-B72D-47B6-A68D-7590B98EB39B}
		{D31DDBFD-7338-477F-B592-75EBD9FBEF7E} = {827E0CD3-B72D-47B6-A68D-7590B98EB39B}
		{B956A883-7FEF-4BC6-93BA-F60D8F5E18EF} = {827E0CD3-B72D-47B6-A68D-7590B98EB39B}
		{D8065A99-6567-4B1C-BF83-60CBA83855B4} = {827E0CD3-B72D-47B6-A68D-7590B98EB39B}
		{158195BF-E28B-43A7-A848-078FF12D530C} = {827E0CD3-B72D-47B6-A68D-7590B98EB39B}
		{A3FF08D0-702D-4AA4-B7F2-E5508F5670E1} = {827E0CD3-B72D-47B6-A68D-7590B98EB39B}
		{9CF4AB76-6E72-41F5-9137-6E4E96BAA7D9} = {827E0CD3-B72D-47B6-A68D-7590B98EB39B}
		{595042DB-80FB-4AB0-A577-DC78C90C7695} = {827E0CD3-B72D-47B6-A68D-7590B98EB39B}
		{F7AE84BA-6BD2-4251-8073-58A62EBE1CEE} = {A0596E84-2522-6F31-0F43-77167BFA80D0}
		{A31B1B06-6F27-48BE-A92A-0F7257DC5B3A} = {0AB3BF05-4346-4AA6-1389-037BE0695223}
		{88F30934-F6D4-4CED-B146-1983987A87A3} = {0AB3BF05-4346-4AA6-1389-037BE0695223}
		{986C3310-5C59-4920-8E2B-D08B04886364} = {0AB3BF05-4346-4AA6-1389-037BE0695223}
		{EE043DC5-3761-47EB-9A4A-F4AF8B89099A} = {0AB3BF05-4346-4AA6-1389-037BE0695223}
		{0A8FBDC0-C68B-4363-9488-A38C0B1E3205} = {0AB3BF05-4346-4AA6-1389-037BE0695223}
		{18F57564-85C5-4914-AF7C-8FC3BB2EF6AA} = {0AB3BF05-4346-4AA6-1389-037BE0695223}
		{5CA5864C-B126-46C2-ADC6-9A4B8CA7160A} = {0AB3BF05-4346-4AA6-1389-037BE0695223}
		{37E1D86B-C6CE-4107-B332-26AE13EDA692} = {0AB3BF05-4346-4AA6-1389-037BE0695223}
		{8BB4B885-A31A-4E35-B774-C44870A68408} = {0AB3BF05-4346-4AA6-1389-037BE0695223}
		{FAA9F66B-EC8A-4A8C-B50E-22AE3260C887} = {0AB3BF05-4346-4AA6-1389-037BE0695223}
		{D04A7AA2-C6FB-4B87-979E-8515D675829D} = {0AB3BF05-4346-4AA6-1389-037BE0695223}
		{B9F42F28-DA36-4C0C-AD8C-6B807B0B4B8C} = {0AB3BF05-4346-4AA6-1389-037BE0695223}
		{3AA70B1D-C5E1-4E7B-B9B1-0AC2CDDEB58A} = {0AB3BF05-4346-4AA6-1389-037BE0695223}
		{4D7FE4AD-CB46-4B88-B9DD-EDD7A5BEE675} = {827E0CD3-B72D-47B6-A68D-7590B98EB39B}
		{01DB6841-AF8D-4202-A7DA-06EEB78E1A83} = {827E0CD3-B72D-47B6-A68D-7590B98EB39B}
		{E65813D3-E5CA-45B6-9665-86DF8F43460D} = {827E0CD3-B72D-47B6-A68D-7590B98EB39B}
		{2C2EBA35-E18C-44C8-91BA-35CB52497D2C} = {0AB3BF05-4346-4AA6-1389-037BE0695223}
		{DAB9E56B-BFF1-4A68-A104-2124FC211F27} = {0AB3BF05-4346-4AA6-1389-037BE0695223}
		{CE7C4CA6-4545-44E7-AC3A-254E8103E42B} = {0AB3BF05-4346-4AA6-1389-037BE0695223}
	EndGlobalSection
EndGlobal
