
Microsoft Visual Studio Solution File, Format Version 12.00
# Visual Studio Version 17
VisualStudioVersion = 17.0.31903.59
MinimumVisualStudioVersion = 10.0.40219.1
Project("{2150E333-8FDC-42A3-9474-1A3956D46DE8}") = "src", "src", "{827E0CD3-B72D-47B6-A68D-7590B98EB39B}"
EndProject
Project("{FAE04EC0-301F-11D3-BF4B-00C04F79EFBC}") = "Shield.Core", "src\Shield.Core\Shield.Core.csproj", "{B146C1C5-345A-41BA-945D-8EA162C59442}"
EndProject
Project("{FAE04EC0-301F-11D3-BF4B-00C04F79EFBC}") = "Shield.Data", "src\Shield.Data\Shield.Data.csproj", "{8B80A398-3967-428D-B857-3992792F9821}"
EndProject
Project("{FAE04EC0-301F-11D3-BF4B-00C04F79EFBC}") = "Shield.Scanners", "src\Shield.Scanners\Shield.Scanners.csproj", "{0EADBB36-C17B-4082-9E68-E2DB1DC7D955}"
EndProject
Project("{FAE04EC0-301F-11D3-BF4B-00C04F79EFBC}") = "Shield.Matcher", "src\Shield.Matcher\Shield.Matcher.csproj", "{158195BF-E28B-43A7-A848-078FF12D530C}"
EndProject
Project("{FAE04EC0-301F-11D3-BF4B-00C04F79EFBC}") = "Shield.Alerter", "src\Shield.Alerter\Shield.Alerter.csproj", "{A3FF08D0-702D-4AA4-B7F2-E5508F5670E1}"
EndProject
Project("{FAE04EC0-301F-11D3-BF4B-00C04F79EFBC}") = "Shield.Channels", "src\Shield.Channels\Shield.Channels.csproj", "{9CF4AB76-6E72-41F5-9137-6E4E96BAA7D9}"
EndProject
Project("{FAE04EC0-301F-11D3-BF4B-00C04F79EFBC}") = "Shield.Api", "src\Shield.Api\Shield.Api.csproj", "{595042DB-80FB-4AB0-A577-DC78C90C7695}"
EndProject
Project("{2150E333-8FDC-42A3-9474-1A3956D46DE8}") = "agent", "agent", "{A0596E84-2522-6F31-0F43-77167BFA80D0}"
EndProject
Project("{FAE04EC0-301F-11D3-BF4B-00C04F79EFBC}") = "shield-agent", "agent\shield-agent\shield-agent.csproj", "{F7AE84BA-6BD2-4251-8073-58A62EBE1CEE}"
EndProject
Project("{2150E333-8FDC-42A3-9474-1A3956D46DE8}") = "tests", "tests", "{0AB3BF05-4346-4AA6-1389-037BE0695223}"
EndProject
Project("{FAE04EC0-301F-11D3-BF4B-00C04F79EFBC}") = "Shield.Core.Tests", "tests\Shield.Core.Tests\Shield.Core.Tests.csproj", "{A31B1B06-6F27-48BE-A92A-0F7257DC5B3A}"
EndProject
Project("{FAE04EC0-301F-11D3-BF4B-00C04F79EFBC}") = "Shield.Data.Tests", "tests\Shield.Data.Tests\Shield.Data.Tests.csproj", "{88F30934-F6D4-4CED-B146-1983987A87A3}"
EndProject
Project("{FAE04EC0-301F-11D3-BF4B-00C04F79EFBC}") = "Shield.Parsers.Npm.Tests", "tests\Shield.Parsers.Npm.Tests\Shield.Parsers.Npm.Tests.csproj", "{986C3310-5C59-4920-8E2B-D08B04886364}"
EndProject
Project("{FAE04EC0-301F-11D3-BF4B-00C04F79EFBC}") = "Shield.Parsers.Nuget.Tests", "tests\Shield.Parsers.Nuget.Tests\Shield.Parsers.Nuget.Tests.csproj", "{EE043DC5-3761-47EB-9A4A-F4AF8B89099A}"
EndProject
Project("{FAE04EC0-301F-11D3-BF4B-00C04F79EFBC}") = "Shield.Parsers.Composer.Tests", "tests\Shield.Parsers.Composer.Tests\Shield.Parsers.Composer.Tests.csproj", "{0A8FBDC0-C68B-4363-9488-A38C0B1E3205}"
EndProject
Project("{FAE04EC0-301F-11D3-BF4B-00C04F79EFBC}") = "Shield.Parsers.Gradle.Tests", "tests\Shield.Parsers.Gradle.Tests\Shield.Parsers.Gradle.Tests.csproj", "{18F57564-85C5-4914-AF7C-8FC3BB2EF6AA}"
EndProject
Project("{FAE04EC0-301F-11D3-BF4B-00C04F79EFBC}") = "Shield.Feeds.Osv.Tests", "tests\Shield.Feeds.Osv.Tests\Shield.Feeds.Osv.Tests.csproj", "{5CA5864C-B126-46C2-ADC6-9A4B8CA7160A}"
EndProject
Project("{FAE04EC0-301F-11D3-BF4B-00C04F79EFBC}") = "Shield.Feeds.Ghsa.Tests", "tests\Shield.Feeds.Ghsa.Tests\Shield.Feeds.Ghsa.Tests.csproj", "{37E1D86B-C6CE-4107-B332-26AE13EDA692}"
EndProject
Project("{FAE04EC0-301F-11D3-BF4B-00C04F79EFBC}") = "Shield.Feeds.NpmRegistry.Tests", "tests\Shield.Feeds.NpmRegistry.Tests\Shield.Feeds.NpmRegistry.Tests.csproj", "{8BB4B885-A31A-4E35-B774-C44870A68408}"
EndProject
Project("{FAE04EC0-301F-11D3-BF4B-00C04F79EFBC}") = "Shield.Matcher.Tests", "tests\Shield.Matcher.Tests\Shield.Matcher.Tests.csproj", "{FAA9F66B-EC8A-4A8C-B50E-22AE3260C887}"
EndProject
Project("{FAE04EC0-301F-11D3-BF4B-00C04F79EFBC}") = "Shield.Alerter.Tests", "tests\Shield.Alerter.Tests\Shield.Alerter.Tests.csproj", "{D04A7AA2-C6FB-4B87-979E-8515D675829D}"
EndProject
Project("{FAE04EC0-301F-11D3-BF4B-00C04F79EFBC}") = "Shield.Api.Tests", "tests\Shield.Api.Tests\Shield.Api.Tests.csproj", "{B9F42F28-DA36-4C0C-AD8C-6B807B0B4B8C}"
EndProject
Project("{FAE04EC0-301F-11D3-BF4B-00C04F79EFBC}") = "Shield.Scanners.Tests", "tests\Shield.Scanners.Tests\Shield.Scanners.Tests.csproj", "{3AA70B1D-C5E1-4E7B-B9B1-0AC2CDDEB58A}"
EndProject
Project("{FAE04EC0-301F-11D3-BF4B-00C04F79EFBC}") = "Shield.Parsers.Python.Tests", "tests\Shield.Parsers.Python.Tests\Shield.Parsers.Python.Tests.csproj", "{2C2EBA35-E18C-44C8-91BA-35CB52497D2C}"
EndProject
Project("{FAE04EC0-301F-11D3-BF4B-00C04F79EFBC}") = "Shield.Parsers.Go.Tests", "tests\Shield.Parsers.Go.Tests\Shield.Parsers.Go.Tests.csproj", "{DAB9E56B-BFF1-4A68-A104-2124FC211F27}"
EndProject
Project("{FAE04EC0-301F-11D3-BF4B-00C04F79EFBC}") = "Shield.Parsers.Rust.Tests", "tests\Shield.Parsers.Rust.Tests\Shield.Parsers.Rust.Tests.csproj", "{CE7C4CA6-4545-44E7-AC3A-254E8103E42B}"
EndProject
Project("{FAE04EC0-301F-11D3-BF4B-00C04F79EFBC}") = "Shield.Feeds.Kev.Tests", "tests\Shield.Feeds.Kev.Tests\Shield.Feeds.Kev.Tests.csproj", "{ABFEC328-3D4B-4F26-BD31-B0414CA80B9D}"
EndProject
Project("{FAE04EC0-301F-11D3-BF4B-00C04F79EFBC}") = "Shield.Feeds.Epss.Tests", "tests\Shield.Feeds.Epss.Tests\Shield.Feeds.Epss.Tests.csproj", "{29F2D825-CE62-4302-AA20-7674A8C38319}"
EndProject
Project("{FAE04EC0-301F-11D3-BF4B-00C04F79EFBC}") = "Shield.Parsers.Ruby.Tests", "tests\Shield.Parsers.Ruby.Tests\Shield.Parsers.Ruby.Tests.csproj", "{A1B2C3D4-0007-4000-8000-000000000007}"
EndProject
Project("{FAE04EC0-301F-11D3-BF4B-00C04F79EFBC}") = "Shield.Parsers.Swift.Tests", "tests\Shield.Parsers.Swift.Tests\Shield.Parsers.Swift.Tests.csproj", "{A1B2C3D4-0008-4000-8000-000000000008}"
EndProject
Project("{FAE04EC0-301F-11D3-BF4B-00C04F79EFBC}") = "Shield.Parsers.Dart.Tests", "tests\Shield.Parsers.Dart.Tests\Shield.Parsers.Dart.Tests.csproj", "{A1B2C3D4-0009-4000-8000-000000000009}"
EndProject
Project("{FAE04EC0-301F-11D3-BF4B-00C04F79EFBC}") = "Shield.Parsers.Maven.Tests", "tests\Shield.Parsers.Maven.Tests\Shield.Parsers.Maven.Tests.csproj", "{A1B2C3D4-000A-4000-8000-00000000000A}"
EndProject
Project("{FAE04EC0-301F-11D3-BF4B-00C04F79EFBC}") = "Shield.Parsers.Elixir.Tests", "tests\Shield.Parsers.Elixir.Tests\Shield.Parsers.Elixir.Tests.csproj", "{A1B2C3D4-000B-4000-8000-00000000000B}"
EndProject
Project("{FAE04EC0-301F-11D3-BF4B-00C04F79EFBC}") = "Shield.Parsers.Vcpkg.Tests", "tests\Shield.Parsers.Vcpkg.Tests\Shield.Parsers.Vcpkg.Tests.csproj", "{A1B2C3D4-000C-4000-8000-00000000000C}"
EndProject
Global
	GlobalSection(SolutionConfigurationPlatforms) = preSolution
		Debug|Any CPU = Debug|Any CPU
		Debug|x64 = Debug|x64
		Debug|x86 = Debug|x86
		Release|Any CPU = Release|Any CPU
		Release|x64 = Release|x64
		Release|x86 = Release|x86
	EndGlobalSection
	GlobalSection(ProjectConfigurationPlatforms) = postSolution
		{B146C1C5-345A-41BA-945D-8EA162C59442}.Debug|Any CPU.ActiveCfg = Debug|Any CPU
		{B146C1C5-345A-41BA-945D-8EA162C59442}.Debug|Any CPU.Build.0 = Debug|Any CPU
		{B146C1C5-345A-41BA-945D-8EA162C59442}.Debug|x64.ActiveCfg = Debug|Any CPU
		{B146C1C5-345A-41BA-945D-8EA162C59442}.Debug|x64.Build.0 = Debug|Any CPU
		{B146C1C5-345A-41BA-945D-8EA162C59442}.Debug|x86.ActiveCfg = Debug|Any CPU
		{B146C1C5-345A-41BA-945D-8EA162C59442}.Debug|x86.Build.0 = Debug|Any CPU
		{B146C1C5-345A-41BA-945D-8EA162C59442}.Release|Any CPU.ActiveCfg = Release|Any CPU
		{B146C1C5-345A-41BA-945D-8EA162C59442}.Release|Any CPU.Build.0 = Release|Any CPU
		{B146C1C5-345A-41BA-945D-8EA162C59442}.Release|x64.ActiveCfg = Release|Any CPU
		{B146C1C5-345A-41BA-945D-8EA162C59442}.Release|x64.Build.0 = Release|Any CPU
		{B146C1C5-345A-41BA-945D-8EA162C59442}.Release|x86.ActiveCfg = Release|Any CPU
		{B146C1C5-345A-41BA-945D-8EA162C59442}.Release|x86.Build.0 = Release|Any CPU
		{8B80A398-3967-428D-B857-3992792F9821}.Debug|Any CPU.ActiveCfg = Debug|Any CPU
		{8B80A398-3967-428D-B857-3992792F9821}.Debug|Any CPU.Build.0 = Debug|Any CPU
		{8B80A398-3967-428D-B857-3992792F9821}.Debug|x64.ActiveCfg = Debug|Any CPU
		{8B80A398-3967-428D-B857-3992792F9821}.Debug|x64.Build.0 = Debug|Any CPU
		{8B80A398-3967-428D-B857-3992792F9821}.Debug|x86.ActiveCfg = Debug|Any CPU
		{8B80A398-3967-428D-B857-3992792F9821}.Debug|x86.Build.0 = Debug|Any CPU
		{8B80A398-3967-428D-B857-3992792F9821}.Release|Any CPU.ActiveCfg = Release|Any CPU
		{8B80A398-3967-428D-B857-3992792F9821}.Release|Any CPU.Build.0 = Release|Any CPU
		{8B80A398-3967-428D-B857-3992792F9821}.Release|x64.ActiveCfg = Release|Any CPU
		{8B80A398-3967-428D-B857-3992792F9821}.Release|x64.Build.0 = Release|Any CPU
		{8B80A398-3967-428D-B857-3992792F9821}.Release|x86.ActiveCfg = Release|Any CPU
		{8B80A398-3967-428D-B857-3992792F9821}.Release|x86.Build.0 = Release|Any CPU
		{0EADBB36-C17B-4082-9E68-E2DB1DC7D955}.Debug|Any CPU.ActiveCfg = Debug|Any CPU
		{0EADBB36-C17B-4082-9E68-E2DB1DC7D955}.Debug|Any CPU.Build.0 = Debug|Any CPU
		{0EADBB36-C17B-4082-9E68-E2DB1DC7D955}.Debug|x64.ActiveCfg = Debug|Any CPU
		{0EADBB36-C17B-4082-9E68-E2DB1DC7D955}.Debug|x64.Build.0 = Debug|Any CPU
		{0EADBB36-C17B-4082-9E68-E2DB1DC7D955}.Debug|x86.ActiveCfg = Debug|Any CPU
		{0EADBB36-C17B-4082-9E68-E2DB1DC7D955}.Debug|x86.Build.0 = Debug|Any CPU
		{0EADBB36-C17B-4082-9E68-E2DB1DC7D955}.Release|Any CPU.ActiveCfg = Release|Any CPU
		{0EADBB36-C17B-4082-9E68-E2DB1DC7D955}.Release|Any CPU.Build.0 = Release|Any CPU
		{0EADBB36-C17B-4082-9E68-E2DB1DC7D955}.Release|x64.ActiveCfg = Release|Any CPU
		{0EADBB36-C17B-4082-9E68-E2DB1DC7D955}.Release|x64.Build.0 = Release|Any CPU
		{0EADBB36-C17B-4082-9E68-E2DB1DC7D955}.Release|x86.ActiveCfg = Release|Any CPU
		{0EADBB36-C17B-4082-9E68-E2DB1DC7D955}.Release|x86.Build.0 = Release|Any CPU
		{158195BF-E28B-43A7-A848-078FF12D530C}.Debug|Any CPU.ActiveCfg = Debug|Any CPU
		{158195BF-E28B-43A7-A848-078FF12D530C}.Debug|Any CPU.Build.0 = Debug|Any CPU
		{158195BF-E28B-43A7-A848-078FF12D530C}.Debug|x64.ActiveCfg = Debug|Any CPU
		{158195BF-E28B-43A7-A848-078FF12D530C}.Debug|x64.Build.0 = Debug|Any CPU
		{158195BF-E28B-43A7-A848-078FF12D530C}.Debug|x86.ActiveCfg = Debug|Any CPU
		{158195BF-E28B-43A7-A848-078FF12D530C}.Debug|x86.Build.0 = Debug|Any CPU
		{158195BF-E28B-43A7-A848-078FF12D530C}.Release|Any CPU.ActiveCfg = Release|Any CPU
		{158195BF-E28B-43A7-A848-078FF12D530C}.Release|Any CPU.Build.0 = Release|Any CPU
		{158195BF-E28B-43A7-A848-078FF12D530C}.Release|x64.ActiveCfg = Release|Any CPU
		{158195BF-E28B-43A7-A848-078FF12D530C}.Release|x64.Build.0 = Release|Any CPU
		{158195BF-E28B-43A7-A848-078FF12D530C}.Release|x86.ActiveCfg = Release|Any CPU
		{158195BF-E28B-43A7-A848-078FF12D530C}.Release|x86.Build.0 = Release|Any CPU
		{A3FF08D0-702D-4AA4-B7F2-E5508F5670E1}.Debug|Any CPU.ActiveCfg = Debug|Any CPU
		{A3FF08D0-702D-4AA4-B7F2-E5508F5670E1}.Debug|Any CPU.Build.0 = Debug|Any CPU
		{A3FF08D0-702D-4AA4-B7F2-E5508F5670E1}.Debug|x64.ActiveCfg = Debug|Any CPU
		{A3FF08D0-702D-4AA4-B7F2-E5508F5670E1}.Debug|x64.Build.0 = Debug|Any CPU
		{A3FF08D0-702D-4AA4-B7F2-E5508F5670E1}.Debug|x86.ActiveCfg = Debug|Any CPU
		{A3FF08D0-702D-4AA4-B7F2-E5508F5670E1}.Debug|x86.Build.0 = Debug|Any CPU
		{A3FF08D0-702D-4AA4-B7F2-E5508F5670E1}.Release|Any CPU.ActiveCfg = Release|Any CPU
		{A3FF08D0-702D-4AA4-B7F2-E5508F5670E1}.Release|Any CPU.Build.0 = Release|Any CPU
		{A3FF08D0-702D-4AA4-B7F2-E5508F5670E1}.Release|x64.ActiveCfg = Release|Any CPU
		{A3FF08D0-702D-4AA4-B7F2-E5508F5670E1}.Release|x64.Build.0 = Release|Any CPU
		{A3FF08D0-702D-4AA4-B7F2-E5508F5670E1}.Release|x86.ActiveCfg = Release|Any CPU
		{A3FF08D0-702D-4AA4-B7F2-E5508F5670E1}.Release|x86.Build.0 = Release|Any CPU
		{9CF4AB76-6E72-41F5-9137-6E4E96BAA7D9}.Debug|Any CPU.ActiveCfg = Debug|Any CPU
		{9CF4AB76-6E72-41F5-9137-6E4E96BAA7D9}.Debug|Any CPU.Build.0 = Debug|Any CPU
		{9CF4AB76-6E72-41F5-9137-6E4E96BAA7D9}.Debug|x64.ActiveCfg = Debug|Any CPU
		{9CF4AB76-6E72-41F5-9137-6E4E96BAA7D9}.Debug|x64.Build.0 = Debug|Any CPU
		{9CF4AB76-6E72-41F5-9137-6E4E96BAA7D9}.Debug|x86.ActiveCfg = Debug|Any CPU
		{9CF4AB76-6E72-41F5-9137-6E4E96BAA7D9}.Debug|x86.Build.0 = Debug|Any CPU
		{9CF4AB76-6E72-41F5-9137-6E4E96BAA7D9}.Release|Any CPU.ActiveCfg = Release|Any CPU
		{9CF4AB76-6E72-41F5-9137-6E4E96BAA7D9}.Release|Any CPU.Build.0 = Release|Any CPU
		{9CF4AB76-6E72-41F5-9137-6E4E96BAA7D9}.Release|x64.ActiveCfg = Release|Any CPU
		{9CF4AB76-6E72-41F5-9137-6E4E96BAA7D9}.Release|x64.Build.0 = Release|Any CPU
		{9CF4AB76-6E72-41F5-9137-6E4E96BAA7D9}.Release|x86.ActiveCfg = Release|Any CPU
		{9CF4AB76-6E72-41F5-9137-6E4E96BAA7D9}.Release|x86.Build.0 = Release|Any CPU
		{595042DB-80FB-4AB0-A577-DC78C90C7695}.Debug|Any CPU.ActiveCfg = Debug|Any CPU
		{595042DB-80FB-4AB0-A577-DC78C90C7695}.Debug|Any CPU.Build.0 = Debug|Any CPU
		{595042DB-80FB-4AB0-A577-DC78C90C7695}.Debug|x64.ActiveCfg = Debug|Any CPU
		{595042DB-80FB-4AB0-A577-DC78C90C7695}.Debug|x64.Build.0 = Debug|Any CPU
		{595042DB-80FB-4AB0-A577-DC78C90C7695}.Debug|x86.ActiveCfg = Debug|Any CPU
		{595042DB-80FB-4AB0-A577-DC78C90C7695}.Debug|x86.Build.0 = Debug|Any CPU
		{595042DB-80FB-4AB0-A577-DC78C90C7695}.Release|Any CPU.ActiveCfg = Release|Any CPU
		{595042DB-80FB-4AB0-A577-DC78C90C7695}.Release|Any CPU.Build.0 = Release|Any CPU
		{595042DB-80FB-4AB0-A577-DC78C90C7695}.Release|x64.ActiveCfg = Release|Any CPU
		{595042DB-80FB-4AB0-A577-DC78C90C7695}.Release|x64.Build.0 = Release|Any CPU
		{595042DB-80FB-4AB0-A577-DC78C90C7695}.Release|x86.ActiveCfg = Release|Any CPU
		{595042DB-80FB-4AB0-A577-DC78C90C7695}.Release|x86.Build.0 = Release|Any CPU
		{F7AE84BA-6BD2-4251-8073-58A62EBE1CEE}.Debug|Any CPU.ActiveCfg = Debug|Any CPU
		{F7AE84BA-6BD2-4251-8073-58A62EBE1CEE}.Debug|Any CPU.Build.0 = Debug|Any CPU
		{F7AE84BA-6BD2-4251-8073-58A62EBE1CEE}.Debug|x64.ActiveCfg = Debug|Any CPU
		{F7AE84BA-6BD2-4251-8073-58A62EBE1CEE}.Debug|x64.Build.0 = Debug|Any CPU
		{F7AE84BA-6BD2-4251-8073-58A62EBE1CEE}.Debug|x86.ActiveCfg = Debug|Any CPU
		{F7AE84BA-6BD2-4251-8073-58A62EBE1CEE}.Debug|x86.Build.0 = Debug|Any CPU
		{F7AE84BA-6BD2-4251-8073-58A62EBE1CEE}.Release|Any CPU.ActiveCfg = Release|Any CPU
		{F7AE84BA-6BD2-4251-8073-58A62EBE1CEE}.Release|Any CPU.Build.0 = Release|Any CPU
		{F7AE84BA-6BD2-4251-8073-58A62EBE1CEE}.Release|x64.ActiveCfg = Release|Any CPU
		{F7AE84BA-6BD2-4251-8073-58A62EBE1CEE}.Release|x64.Build.0 = Release|Any CPU
		{F7AE84BA-6BD2-4251-8073-58A62EBE1CEE}.Release|x86.ActiveCfg = Release|Any CPU
		{F7AE84BA-6BD2-4251-8073-58A62EBE1CEE}.Release|x86.Build.0 = Release|Any CPU
		{A31B1B06-6F27-48BE-A92A-0F7257DC5B3A}.Debug|Any CPU.ActiveCfg = Debug|Any CPU
		{A31B1B06-6F27-48BE-A92A-0F7257DC5B3A}.Debug|Any CPU.Build.0 = Debug|Any CPU
		{A31B1B06-6F27-48BE-A92A-0F7257DC5B3A}.Debug|x64.ActiveCfg = Debug|Any CPU
		{A31B1B06-6F27-48BE-A92A-0F7257DC5B3A}.Debug|x64.Build.0 = Debug|Any CPU
		{A31B1B06-6F27-48BE-A92A-0F7257DC5B3A}.Debug|x86.ActiveCfg = Debug|Any CPU
		{A31B1B06-6F27-48BE-A92A-0F7257DC5B3A}.Debug|x86.Build.0 = Debug|Any CPU
		{A31B1B06-6F27-48BE-A92A-0F7257DC5B3A}.Release|Any CPU.ActiveCfg = Release|Any CPU
		{A31B1B06-6F27-48BE-A92A-0F7257DC5B3A}.Release|Any CPU.Build.0 = Release|Any CPU
		{A31B1B06-6F27-48BE-A92A-0F7257DC5B3A}.Release|x64.ActiveCfg = Release|Any CPU
		{A31B1B06-6F27-48BE-A92A-0F7257DC5B3A}.Release|x64.Build.0 = Release|Any CPU
		{A31B1B06-6F27-48BE-A92A-0F7257DC5B3A}.Release|x86.ActiveCfg = Release|Any CPU
		{A31B1B06-6F27-48BE-A92A-0F7257DC5B3A}.Release|x86.Build.0 = Release|Any CPU
		{88F30934-F6D4-4CED-B146-1983987A87A3}.Debug|Any CPU.ActiveCfg = Debug|Any CPU
		{88F30934-F6D4-4CED-B146-1983987A87A3}.Debug|Any CPU.Build.0 = Debug|Any CPU
		{88F30934-F6D4-4CED-B146-1983987A87A3}.Debug|x64.ActiveCfg = Debug|Any CPU
		{88F30934-F6D4-4CED-B146-1983987A87A3}.Debug|x64.Build.0 = Debug|Any CPU
		{88F30934-F6D4-4CED-B146-1983987A87A3}.Debug|x86.ActiveCfg = Debug|Any CPU
		{88F30934-F6D4-4CED-B146-1983987A87A3}.Debug|x86.Build.0 = Debug|Any CPU
		{88F30934-F6D4-4CED-B146-1983987A87A3}.Release|Any CPU.ActiveCfg = Release|Any CPU
		{88F30934-F6D4-4CED-B146-1983987A87A3}.Release|Any CPU.Build.0 = Release|Any CPU
		{88F30934-F6D4-4CED-B146-1983987A87A3}.Release|x64.ActiveCfg = Release|Any CPU
		{88F30934-F6D4-4CED-B146-1983987A87A3}.Release|x64.Build.0 = Release|Any CPU
		{88F30934-F6D4-4CED-B146-1983987A87A3}.Release|x86.ActiveCfg = Release|Any CPU
		{88F30934-F6D4-4CED-B146-1983987A87A3}.Release|x86.Build.0 = Release|Any CPU
		{986C3310-5C59-4920-8E2B-D08B04886364}.Debug|Any CPU.ActiveCfg = Debug|Any CPU
		{986C3310-5C59-4920-8E2B-D08B04886364}.Debug|Any CPU.Build.0 = Debug|Any CPU
		{986C3310-5C59-4920-8E2B-D08B04886364}.Debug|x64.ActiveCfg = Debug|Any CPU
		{986C3310-5C59-4920-8E2B-D08B04886364}.Debug|x64.Build.0 = Debug|Any CPU
		{986C3310-5C59-4920-8E2B-D08B04886364}.Debug|x86.ActiveCfg = Debug|Any CPU
		{986C3310-5C59-4920-8E2B-D08B04886364}.Debug|x86.Build.0 = Debug|Any CPU
		{986C3310-5C59-4920-8E2B-D08B04886364}.Release|Any CPU.ActiveCfg = Release|Any CPU
		{986C3310-5C59-4920-8E2B-D08B04886364}.Release|Any CPU.Build.0 = Release|Any CPU
		{986C3310-5C59-4920-8E2B-D08B04886364}.Release|x64.ActiveCfg = Release|Any CPU
		{986C3310-5C59-4920-8E2B-D08B04886364}.Release|x64.Build.0 = Release|Any CPU
		{986C3310-5C59-4920-8E2B-D08B04886364}.Release|x86.ActiveCfg = Release|Any CPU
		{986C3310-5C59-4920-8E2B-D08B04886364}.Release|x86.Build.0 = Release|Any CPU
		{EE043DC5-3761-47EB-9A4A-F4AF8B89099A}.Debug|Any CPU.ActiveCfg = Debug|Any CPU
		{EE043DC5-3761-47EB-9A4A-F4AF8B89099A}.Debug|Any CPU.Build.0 = Debug|Any CPU
		{EE043DC5-3761-47EB-9A4A-F4AF8B89099A}.Debug|x64.ActiveCfg = Debug|Any CPU
		{EE043DC5-3761-47EB-9A4A-F4AF8B89099A}.Debug|x64.Build.0 = Debug|Any CPU
		{EE043DC5-3761-47EB-9A4A-F4AF8B89099A}.Debug|x86.ActiveCfg = Debug|Any CPU
		{EE043DC5-3761-47EB-9A4A-F4AF8B89099A}.Debug|x86.Build.0 = Debug|Any CPU
		{EE043DC5-3761-47EB-9A4A-F4AF8B89099A}.Release|Any CPU.ActiveCfg = Release|Any CPU
		{EE043DC5-3761-47EB-9A4A-F4AF8B89099A}.Release|Any CPU.Build.0 = Release|Any CPU
		{EE043DC5-3761-47EB-9A4A-F4AF8B89099A}.Release|x64.ActiveCfg = Release|Any CPU
		{EE043DC5-3761-47EB-9A4A-F4AF8B89099A}.Release|x64.Build.0 = Release|Any CPU
		{EE043DC5-3761-47EB-9A4A-F4AF8B89099A}.Release|x86.ActiveCfg = Release|Any CPU
		{EE043DC5-3761-47EB-9A4A-F4AF8B89099A}.Release|x86.Build.0 = Release|Any CPU
		{0A8FBDC0-C68B-4363-9488-A38C0B1E3205}.Debug|Any CPU.ActiveCfg = Debug|Any CPU
		{0A8FBDC0-C68B-4363-9488-A38C0B1E3205}.Debug|Any CPU.Build.0 = Debug|Any CPU
		{0A8FBDC0-C68B-4363-9488-A38C0B1E3205}.Debug|x64.ActiveCfg = Debug|Any CPU
		{0A8FBDC0-C68B-4363-9488-A38C0B1E3205}.Debug|x64.Build.0 = Debug|Any CPU
		{0A8FBDC0-C68B-4363-9488-A38C0B1E3205}.Debug|x86.ActiveCfg = Debug|Any CPU
		{0A8FBDC0-C68B-4363-9488-A38C0B1E3205}.Debug|x86.Build.0 = Debug|Any CPU
		{0A8FBDC0-C68B-4363-9488-A38C0B1E3205}.Release|Any CPU.ActiveCfg = Release|Any CPU
		{0A8FBDC0-C68B-4363-9488-A38C0B1E3205}.Release|Any CPU.Build.0 = Release|Any CPU
		{0A8FBDC0-C68B-4363-9488-A38C0B1E3205}.Release|x64.ActiveCfg = Release|Any CPU
		{0A8FBDC0-C68B-4363-9488-A38C0B1E3205}.Release|x64.Build.0 = Release|Any CPU
		{0A8FBDC0-C68B-4363-9488-A38C0B1E3205}.Release|x86.ActiveCfg = Release|Any CPU
		{0A8FBDC0-C68B-4363-9488-A38C0B1E3205}.Release|x86.Build.0 = Release|Any CPU
		{18F57564-85C5-4914-AF7C-8FC3BB2EF6AA}.Debug|Any CPU.ActiveCfg = Debug|Any CPU
		{18F57564-85C5-4914-AF7C-8FC3BB2EF6AA}.Debug|Any CPU.Build.0 = Debug|Any CPU
		{18F57564-85C5-4914-AF7C-8FC3BB2EF6AA}.Debug|x64.ActiveCfg = Debug|Any CPU
		{18F57564-85C5-4914-AF7C-8FC3BB2EF6AA}.Debug|x64.Build.0 = Debug|Any CPU
		{18F57564-85C5-4914-AF7C-8FC3BB2EF6AA}.Debug|x86.ActiveCfg = Debug|Any CPU
		{18F57564-85C5-4914-AF7C-8FC3BB2EF6AA}.Debug|x86.Build.0 = Debug|Any CPU
		{18F57564-85C5-4914-AF7C-8FC3BB2EF6AA}.Release|Any CPU.ActiveCfg = Release|Any CPU
		{18F57564-85C5-4914-AF7C-8FC3BB2EF6AA}.Release|Any CPU.Build.0 = Release|Any CPU
		{18F57564-85C5-4914-AF7C-8FC3BB2EF6AA}.Release|x64.ActiveCfg = Release|Any CPU
		{18F57564-85C5-4914-AF7C-8FC3BB2EF6AA}.Release|x64.Build.0 = Release|Any CPU
		{18F57564-85C5-4914-AF7C-8FC3BB2EF6AA}.Release|x86.ActiveCfg = Release|Any CPU
		{18F57564-85C5-4914-AF7C-8FC3BB2EF6AA}.Release|x86.Build.0 = Release|Any CPU
		{5CA5864C-B126-46C2-ADC6-9A4B8CA7160A}.Debug|Any CPU.ActiveCfg = Debug|Any CPU
		{5CA5864C-B126-46C2-ADC6-9A4B8CA7160A}.Debug|Any CPU.Build.0 = Debug|Any CPU
		{5CA5864C-B126-46C2-ADC6-9A4B8CA7160A}.Debug|x64.ActiveCfg = Debug|Any CPU
		{5CA5864C-B126-46C2-ADC6-9A4B8CA7160A}.Debug|x64.Build.0 = Debug|Any CPU
		{5CA5864C-B126-46C2-ADC6-9A4B8CA7160A}.Debug|x86.ActiveCfg = Debug|Any CPU
		{5CA5864C-B126-46C2-ADC6-9A4B8CA7160A}.Debug|x86.Build.0 = Debug|Any CPU
		{5CA5864C-B126-46C2-ADC6-9A4B8CA7160A}.Release|Any CPU.ActiveCfg = Release|Any CPU
		{5CA5864C-B126-46C2-ADC6-9A4B8CA7160A}.Release|Any CPU.Build.0 = Release|Any CPU
		{5CA5864C-B126-46C2-ADC6-9A4B8CA7160A}.Release|x64.ActiveCfg = Release|Any CPU
		{5CA5864C-B126-46C2-ADC6-9A4B8CA7160A}.Release|x64.Build.0 = Release|Any CPU
		{5CA5864C-B126-46C2-ADC6-9A4B8CA7160A}.Release|x86.ActiveCfg = Release|Any CPU
		{5CA5864C-B126-46C2-ADC6-9A4B8CA7160A}.Release|x86.Build.0 = Release|Any CPU
		{37E1D86B-C6CE-4107-B332-26AE13EDA692}.Debug|Any CPU.ActiveCfg = Debug|Any CPU
		{37E1D86B-C6CE-4107-B332-26AE13EDA692}.Debug|Any CPU.Build.0 = Debug|Any CPU
		{37E1D86B-C6CE-4107-B332-26AE13EDA692}.Debug|x64.ActiveCfg = Debug|Any CPU
		{37E1D86B-C6CE-4107-B332-26AE13EDA692}.Debug|x64.Build.0 = Debug|Any CPU
		{37E1D86B-C6CE-4107-B332-26AE13EDA692}.Debug|x86.ActiveCfg = Debug|Any CPU
		{37E1D86B-C6CE-4107-B332-26AE13EDA692}.Debug|x86.Build.0 = Debug|Any CPU
		{37E1D86B-C6CE-4107-B332-26AE13EDA692}.Release|Any CPU.ActiveCfg = Release|Any CPU
		{37E1D86B-C6CE-4107-B332-26AE13EDA692}.Release|Any CPU.Build.0 = Release|Any CPU
		{37E1D86B-C6CE-4107-B332-26AE13EDA692}.Release|x64.ActiveCfg = Release|Any CPU
		{37E1D86B-C6CE-4107-B332-26AE13EDA692}.Release|x64.Build.0 = Release|Any CPU
		{37E1D86B-C6CE-4107-B332-26AE13EDA692}.Release|x86.ActiveCfg = Release|Any CPU
		{37E1D86B-C6CE-4107-B332-26AE13EDA692}.Release|x86.Build.0 = Release|Any CPU
		{8BB4B885-A31A-4E35-B774-C44870A68408}.Debug|Any CPU.ActiveCfg = Debug|Any CPU
		{8BB4B885-A31A-4E35-B774-C44870A68408}.Debug|Any CPU.Build.0 = Debug|Any CPU
		{8BB4B885-A31A-4E35-B774-C44870A68408}.Debug|x64.ActiveCfg = Debug|Any CPU
		{8BB4B885-A31A-4E35-B774-C44870A68408}.Debug|x64.Build.0 = Debug|Any CPU
		{8BB4B885-A31A-4E35-B774-C44870A68408}.Debug|x86.ActiveCfg = Debug|Any CPU
		{8BB4B885-A31A-4E35-B774-C44870A68408}.Debug|x86.Build.0 = Debug|Any CPU
		{8BB4B885-A31A-4E35-B774-C44870A68408}.Release|Any CPU.ActiveCfg = Release|Any CPU
		{8BB4B885-A31A-4E35-B774-C44870A68408}.Release|Any CPU.Build.0 = Release|Any CPU
		{8BB4B885-A31A-4E35-B774-C44870A68408}.Release|x64.ActiveCfg = Release|Any CPU
		{8BB4B885-A31A-4E35-B774-C44870A68408}.Release|x64.Build.0 = Release|Any CPU
		{8BB4B885-A31A-4E35-B774-C44870A68408}.Release|x86.ActiveCfg = Release|Any CPU
		{8BB4B885-A31A-4E35-B774-C44870A68408}.Release|x86.Build.0 = Release|Any CPU
		{FAA9F66B-EC8A-4A8C-B50E-22AE3260C887}.Debug|Any CPU.ActiveCfg = Debug|Any CPU
		{FAA9F66B-EC8A-4A8C-B50E-22AE3260C887}.Debug|Any CPU.Build.0 = Debug|Any CPU
		{FAA9F66B-EC8A-4A8C-B50E-22AE3260C887}.Debug|x64.ActiveCfg = Debug|Any CPU
		{FAA9F66B-EC8A-4A8C-B50E-22AE3260C887}.Debug|x64.Build.0 = Debug|Any CPU
		{FAA9F66B-EC8A-4A8C-B50E-22AE3260C887}.Debug|x86.ActiveCfg = Debug|Any CPU
		{FAA9F66B-EC8A-4A8C-B50E-22AE3260C887}.Debug|x86.Build.0 = Debug|Any CPU
		{FAA9F66B-EC8A-4A8C-B50E-22AE3260C887}.Release|Any CPU.ActiveCfg = Release|Any CPU
		{FAA9F66B-EC8A-4A8C-B50E-22AE3260C887}.Release|Any CPU.Build.0 = Release|Any CPU
		{FAA9F66B-EC8A-4A8C-B50E-22AE3260C887}.Release|x64.ActiveCfg = Release|Any CPU
		{FAA9F66B-EC8A-4A8C-B50E-22AE3260C887}.Release|x64.Build.0 = Release|Any CPU
		{FAA9F66B-EC8A-4A8C-B50E-22AE3260C887}.Release|x86.ActiveCfg = Release|Any CPU
		{FAA9F66B-EC8A-4A8C-B50E-22AE3260C887}.Release|x86.Build.0 = Release|Any CPU
		{D04A7AA2-C6FB-4B87-979E-8515D675829D}.Debug|Any CPU.ActiveCfg = Debug|Any CPU
		{D04A7AA2-C6FB-4B87-979E-8515D675829D}.Debug|Any CPU.Build.0 = Debug|Any CPU
		{D04A7AA2-C6FB-4B87-979E-8515D675829D}.Debug|x64.ActiveCfg = Debug|Any CPU
		{D04A7AA2-C6FB-4B87-979E-8515D675829D}.Debug|x64.Build.0 = Debug|Any CPU
		{D04A7AA2-C6FB-4B87-979E-8515D675829D}.Debug|x86.ActiveCfg = Debug|Any CPU
		{D04A7AA2-C6FB-4B87-979E-8515D675829D}.Debug|x86.Build.0 = Debug|Any CPU
		{D04A7AA2-C6FB-4B87-979E-8515D675829D}.Release|Any CPU.ActiveCfg = Release|Any CPU
		{D04A7AA2-C6FB-4B87-979E-8515D675829D}.Release|Any CPU.Build.0 = Release|Any CPU
		{D04A7AA2-C6FB-4B87-979E-8515D675829D}.Release|x64.ActiveCfg = Release|Any CPU
		{D04A7AA2-C6FB-4B87-979E-8515D675829D}.Release|x64.Build.0 = Release|Any CPU
		{D04A7AA2-C6FB-4B87-979E-8515D675829D}.Release|x86.ActiveCfg = Release|Any CPU
		{D04A7AA2-C6FB-4B87-979E-8515D675829D}.Release|x86.Build.0 = Release|Any CPU
		{B9F42F28-DA36-4C0C-AD8C-6B807B0B4B8C}.Debug|Any CPU.ActiveCfg = Debug|Any CPU
		{B9F42F28-DA36-4C0C-AD8C-6B807B0B4B8C}.Debug|Any CPU.Build.0 = Debug|Any CPU
		{B9F42F28-DA36-4C0C-AD8C-6B807B0B4B8C}.Debug|x64.ActiveCfg = Debug|Any CPU
		{B9F42F28-DA36-4C0C-AD8C-6B807B0B4B8C}.Debug|x64.Build.0 = Debug|Any CPU
		{B9F42F28-DA36-4C0C-AD8C-6B807B0B4B8C}.Debug|x86.ActiveCfg = Debug|Any CPU
		{B9F42F28-DA36-4C0C-AD8C-6B807B0B4B8C}.Debug|x86.Build.0 = Debug|Any CPU
		{B9F42F28-DA36-4C0C-AD8C-6B807B0B4B8C}.Release|Any CPU.ActiveCfg = Release|Any CPU
		{B9F42F28-DA36-4C0C-AD8C-6B807B0B4B8C}.Release|Any CPU.Build.0 = Release|Any CPU
		{B9F42F28-DA36-4C0C-AD8C-6B807B0B4B8C}.Release|x64.ActiveCfg = Release|Any CPU
		{B9F42F28-DA36-4C0C-AD8C-6B807B0B4B8C}.Release|x64.Build.0 = Release|Any CPU
		{B9F42F28-DA36-4C0C-AD8C-6B807B0B4B8C}.Release|x86.ActiveCfg = Release|Any CPU
		{B9F42F28-DA36-4C0C-AD8C-6B807B0B4B8C}.Release|x86.Build.0 = Release|Any CPU
		{3AA70B1D-C5E1-4E7B-B9B1-0AC2CDDEB58A}.Debug|Any CPU.ActiveCfg = Debug|Any CPU
		{3AA70B1D-C5E1-4E7B-B9B1-0AC2CDDEB58A}.Debug|Any CPU.Build.0 = Debug|Any CPU
		{3AA70B1D-C5E1-4E7B-B9B1-0AC2CDDEB58A}.Debug|x64.ActiveCfg = Debug|Any CPU
		{3AA70B1D-C5E1-4E7B-B9B1-0AC2CDDEB58A}.Debug|x64.Build.0 = Debug|Any CPU
		{3AA70B1D-C5E1-4E7B-B9B1-0AC2CDDEB58A}.Debug|x86.ActiveCfg = Debug|Any CPU
		{3AA70B1D-C5E1-4E7B-B9B1-0AC2CDDEB58A}.Debug|x86.Build.0 = Debug|Any CPU
		{3AA70B1D-C5E1-4E7B-B9B1-0AC2CDDEB58A}.Release|Any CPU.ActiveCfg = Release|Any CPU
		{3AA70B1D-C5E1-4E7B-B9B1-0AC2CDDEB58A}.Release|Any CPU.Build.0 = Release|Any CPU
		{3AA70B1D-C5E1-4E7B-B9B1-0AC2CDDEB58A}.Release|x64.ActiveCfg = Release|Any CPU
		{3AA70B1D-C5E1-4E7B-B9B1-0AC2CDDEB58A}.Release|x64.Build.0 = Release|Any CPU
		{3AA70B1D-C5E1-4E7B-B9B1-0AC2CDDEB58A}.Release|x86.ActiveCfg = Release|Any CPU
		{3AA70B1D-C5E1-4E7B-B9B1-0AC2CDDEB58A}.Release|x86.Build.0 = Release|Any CPU
		{2C2EBA35-E18C-44C8-91BA-35CB52497D2C}.Debug|Any CPU.ActiveCfg = Debug|Any CPU
		{2C2EBA35-E18C-44C8-91BA-35CB52497D2C}.Debug|Any CPU.Build.0 = Debug|Any CPU
		{2C2EBA35-E18C-44C8-91BA-35CB52497D2C}.Debug|x64.ActiveCfg = Debug|Any CPU
		{2C2EBA35-E18C-44C8-91BA-35CB52497D2C}.Debug|x64.Build.0 = Debug|Any CPU
		{2C2EBA35-E18C-44C8-91BA-35CB52497D2C}.Debug|x86.ActiveCfg = Debug|Any CPU
		{2C2EBA35-E18C-44C8-91BA-35CB52497D2C}.Debug|x86.Build.0 = Debug|Any CPU
		{2C2EBA35-E18C-44C8-91BA-35CB52497D2C}.Release|Any CPU.ActiveCfg = Release|Any CPU
		{2C2EBA35-E18C-44C8-91BA-35CB52497D2C}.Release|Any CPU.Build.0 = Release|Any CPU
		{2C2EBA35-E18C-44C8-91BA-35CB52497D2C}.Release|x64.ActiveCfg = Release|Any CPU
		{2C2EBA35-E18C-44C8-91BA-35CB52497D2C}.Release|x64.Build.0 = Release|Any CPU
		{2C2EBA35-E18C-44C8-91BA-35CB52497D2C}.Release|x86.ActiveCfg = Release|Any CPU
		{2C2EBA35-E18C-44C8-91BA-35CB52497D2C}.Release|x86.Build.0 = Release|Any CPU
		{DAB9E56B-BFF1-4A68-A104-2124FC211F27}.Debug|Any CPU.ActiveCfg = Debug|Any CPU
		{DAB9E56B-BFF1-4A68-A104-2124FC211F27}.Debug|Any CPU.Build.0 = Debug|Any CPU
		{DAB9E56B-BFF1-4A68-A104-2124FC211F27}.Debug|x64.ActiveCfg = Debug|Any CPU
		{DAB9E56B-BFF1-4A68-A104-2124FC211F27}.Debug|x64.Build.0 = Debug|Any CPU
		{DAB9E56B-BFF1-4A68-A104-2124FC211F27}.Debug|x86.ActiveCfg = Debug|Any CPU
		{DAB9E56B-BFF1-4A68-A104-2124FC211F27}.Debug|x86.Build.0 = Debug|Any CPU
		{DAB9E56B-BFF1-4A68-A104-2124FC211F27}.Release|Any CPU.ActiveCfg = Release|Any CPU
		{DAB9E56B-BFF1-4A68-A104-2124FC211F27}.Release|Any CPU.Build.0 = Release|Any CPU
		{DAB9E56B-BFF1-4A68-A104-2124FC211F27}.Release|x64.ActiveCfg = Release|Any CPU
		{DAB9E56B-BFF1-4A68-A104-2124FC211F27}.Release|x64.Build.0 = Release|Any CPU
		{DAB9E56B-BFF1-4A68-A104-2124FC211F27}.Release|x86.ActiveCfg = Release|Any CPU
		{DAB9E56B-BFF1-4A68-A104-2124FC211F27}.Release|x86.Build.0 = Release|Any CPU
		{CE7C4CA6-4545-44E7-AC3A-254E8103E42B}.Debug|Any CPU.ActiveCfg = Debug|Any CPU
		{CE7C4CA6-4545-44E7-AC3A-254E8103E42B}.Debug|Any CPU.Build.0 = Debug|Any CPU
		{CE7C4CA6-4545-44E7-AC3A-254E8103E42B}.Debug|x64.ActiveCfg = Debug|Any CPU
		{CE7C4CA6-4545-44E7-AC3A-254E8103E42B}.Debug|x64.Build.0 = Debug|Any CPU
		{CE7C4CA6-4545-44E7-AC3A-254E8103E42B}.Debug|x86.ActiveCfg = Debug|Any CPU
		{CE7C4CA6-4545-44E7-AC3A-254E8103E42B}.Debug|x86.Build.0 = Debug|Any CPU
		{CE7C4CA6-4545-44E7-AC3A-254E8103E42B}.Release|Any CPU.ActiveCfg = Release|Any CPU
		{CE7C4CA6-4545-44E7-AC3A-254E8103E42B}.Release|Any CPU.Build.0 = Release|Any CPU
		{CE7C4CA6-4545-44E7-AC3A-254E8103E42B}.Release|x64.ActiveCfg = Release|Any CPU
		{CE7C4CA6-4545-44E7-AC3A-254E8103E42B}.Release|x64.Build.0 = Release|Any CPU
		{CE7C4CA6-4545-44E7-AC3A-254E8103E42B}.Release|x86.ActiveCfg = Release|Any CPU
		{CE7C4CA6-4545-44E7-AC3A-254E8103E42B}.Release|x86.Build.0 = Release|Any CPU
		{ABFEC328-3D4B-4F26-BD31-B0414CA80B9D}.Debug|Any CPU.ActiveCfg = Debug|Any CPU
		{ABFEC328-3D4B-4F26-BD31-B0414CA80B9D}.Debug|Any CPU.Build.0 = Debug|Any CPU
		{ABFEC328-3D4B-4F26-BD31-B0414CA80B9D}.Debug|x64.ActiveCfg = Debug|Any CPU
		{ABFEC328-3D4B-4F26-BD31-B0414CA80B9D}.Debug|x64.Build.0 = Debug|Any CPU
		{ABFEC328-3D4B-4F26-BD31-B0414CA80B9D}.Debug|x86.ActiveCfg = Debug|Any CPU
		{ABFEC328-3D4B-4F26-BD31-B0414CA80B9D}.Debug|x86.Build.0 = Debug|Any CPU
		{ABFEC328-3D4B-4F26-BD31-B0414CA80B9D}.Release|Any CPU.ActiveCfg = Release|Any CPU
		{ABFEC328-3D4B-4F26-BD31-B0414CA80B9D}.Release|Any CPU.Build.0 = Release|Any CPU
		{ABFEC328-3D4B-4F26-BD31-B0414CA80B9D}.Release|x64.ActiveCfg = Release|Any CPU
		{ABFEC328-3D4B-4F26-BD31-B0414CA80B9D}.Release|x64.Build.0 = Release|Any CPU
		{ABFEC328-3D4B-4F26-BD31-B0414CA80B9D}.Release|x86.ActiveCfg = Release|Any CPU
		{ABFEC328-3D4B-4F26-BD31-B0414CA80B9D}.Release|x86.Build.0 = Release|Any CPU
		{29F2D825-CE62-4302-AA20-7674A8C38319}.Debug|Any CPU.ActiveCfg = Debug|Any CPU
		{29F2D825-CE62-4302-AA20-7674A8C38319}.Debug|Any CPU.Build.0 = Debug|Any CPU
		{29F2D825-CE62-4302-AA20-7674A8C38319}.Debug|x64.ActiveCfg = Debug|Any CPU
		{29F2D825-CE62-4302-AA20-7674A8C38319}.Debug|x64.Build.0 = Debug|Any CPU
		{29F2D825-CE62-4302-AA20-7674A8C38319}.Debug|x86.ActiveCfg = Debug|Any CPU
		{29F2D825-CE62-4302-AA20-7674A8C38319}.Debug|x86.Build.0 = Debug|Any CPU
		{29F2D825-CE62-4302-AA20-7674A8C38319}.Release|Any CPU.ActiveCfg = Release|Any CPU
		{29F2D825-CE62-4302-AA20-7674A8C38319}.Release|Any CPU.Build.0 = Release|Any CPU
		{29F2D825-CE62-4302-AA20-7674A8C38319}.Release|x64.ActiveCfg = Release|Any CPU
		{29F2D825-CE62-4302-AA20-7674A8C38319}.Release|x64.Build.0 = Release|Any CPU
		{29F2D825-CE62-4302-AA20-7674A8C38319}.Release|x86.ActiveCfg = Release|Any CPU
		{29F2D825-CE62-4302-AA20-7674A8C38319}.Release|x86.Build.0 = Release|Any CPU
		{A1B2C3D4-0007-4000-8000-000000000007}.Debug|Any CPU.ActiveCfg = Debug|Any CPU
		{A1B2C3D4-0007-4000-8000-000000000007}.Debug|Any CPU.Build.0 = Debug|Any CPU
		{A1B2C3D4-0007-4000-8000-000000000007}.Debug|x64.ActiveCfg = Debug|Any CPU
		{A1B2C3D4-0007-4000-8000-000000000007}.Debug|x64.Build.0 = Debug|Any CPU
		{A1B2C3D4-0007-4000-8000-000000000007}.Debug|x86.ActiveCfg = Debug|Any CPU
		{A1B2C3D4-0007-4000-8000-000000000007}.Debug|x86.Build.0 = Debug|Any CPU
		{A1B2C3D4-0007-4000-8000-000000000007}.Release|Any CPU.ActiveCfg = Release|Any CPU
		{A1B2C3D4-0007-4000-8000-000000000007}.Release|Any CPU.Build.0 = Release|Any CPU
		{A1B2C3D4-0007-4000-8000-000000000007}.Release|x64.ActiveCfg = Release|Any CPU
		{A1B2C3D4-0007-4000-8000-000000000007}.Release|x64.Build.0 = Release|Any CPU
		{A1B2C3D4-0007-4000-8000-000000000007}.Release|x86.ActiveCfg = Release|Any CPU
		{A1B2C3D4-0007-4000-8000-000000000007}.Release|x86.Build.0 = Release|Any CPU
		{A1B2C3D4-0008-4000-8000-000000000008}.Debug|Any CPU.ActiveCfg = Debug|Any CPU
		{A1B2C3D4-0008-4000-8000-000000000008}.Debug|Any CPU.Build.0 = Debug|Any CPU
		{A1B2C3D4-0008-4000-8000-000000000008}.Debug|x64.ActiveCfg = Debug|Any CPU
		{A1B2C3D4-0008-4000-8000-000000000008}.Debug|x64.Build.0 = Debug|Any CPU
		{A1B2C3D4-0008-4000-8000-000000000008}.Debug|x86.ActiveCfg = Debug|Any CPU
		{A1B2C3D4-0008-4000-8000-000000000008}.Debug|x86.Build.0 = Debug|Any CPU
		{A1B2C3D4-0008-4000-8000-000000000008}.Release|Any CPU.ActiveCfg = Release|Any CPU
		{A1B2C3D4-0008-4000-8000-000000000008}.Release|Any CPU.Build.0 = Release|Any CPU
		{A1B2C3D4-0008-4000-8000-000000000008}.Release|x64.ActiveCfg = Release|Any CPU
		{A1B2C3D4-0008-4000-8000-000000000008}.Release|x64.Build.0 = Release|Any CPU
		{A1B2C3D4-0008-4000-8000-000000000008}.Release|x86.ActiveCfg = Release|Any CPU
		{A1B2C3D4-0008-4000-8000-000000000008}.Release|x86.Build.0 = Release|Any CPU
		{A1B2C3D4-0009-4000-8000-000000000009}.Debug|Any CPU.ActiveCfg = Debug|Any CPU
		{A1B2C3D4-0009-4000-8000-000000000009}.Debug|Any CPU.Build.0 = Debug|Any CPU
		{A1B2C3D4-0009-4000-8000-000000000009}.Debug|x64.ActiveCfg = Debug|Any CPU
		{A1B2C3D4-0009-4000-8000-000000000009}.Debug|x64.Build.0 = Debug|Any CPU
		{A1B2C3D4-0009-4000-8000-000000000009}.Debug|x86.ActiveCfg = Debug|Any CPU
		{A1B2C3D4-0009-4000-8000-000000000009}.Debug|x86.Build.0 = Debug|Any CPU
		{A1B2C3D4-0009-4000-8000-000000000009}.Release|Any CPU.ActiveCfg = Release|Any CPU
		{A1B2C3D4-0009-4000-8000-000000000009}.Release|Any CPU.Build.0 = Release|Any CPU
		{A1B2C3D4-0009-4000-8000-000000000009}.Release|x64.ActiveCfg = Release|Any CPU
		{A1B2C3D4-0009-4000-8000-000000000009}.Release|x64.Build.0 = Release|Any CPU
		{A1B2C3D4-0009-4000-8000-000000000009}.Release|x86.ActiveCfg = Release|Any CPU
		{A1B2C3D4-0009-4000-8000-000000000009}.Release|x86.Build.0 = Release|Any CPU
		{A1B2C3D4-000A-4000-8000-00000000000A}.Debug|Any CPU.ActiveCfg = Debug|Any CPU
		{A1B2C3D4-000A-4000-8000-00000000000A}.Debug|Any CPU.Build.0 = Debug|Any CPU
		{A1B2C3D4-000A-4000-8000-00000000000A}.Debug|x64.ActiveCfg = Debug|Any CPU
		{A1B2C3D4-000A-4000-8000-00000000000A}.Debug|x64.Build.0 = Debug|Any CPU
		{A1B2C3D4-000A-4000-8000-00000000000A}.Debug|x86.ActiveCfg = Debug|Any CPU
		{A1B2C3D4-000A-4000-8000-00000000000A}.Debug|x86.Build.0 = Debug|Any CPU
		{A1B2C3D4-000A-4000-8000-00000000000A}.Release|Any CPU.ActiveCfg = Release|Any CPU
		{A1B2C3D4-000A-4000-8000-00000000000A}.Release|Any CPU.Build.0 = Release|Any CPU
		{A1B2C3D4-000A-4000-8000-00000000000A}.Release|x64.ActiveCfg = Release|Any CPU
		{A1B2C3D4-000A-4000-8000-00000000000A}.Release|x64.Build.0 = Release|Any CPU
		{A1B2C3D4-000A-4000-8000-00000000000A}.Release|x86.ActiveCfg = Release|Any CPU
		{A1B2C3D4-000A-4000-8000-00000000000A}.Release|x86.Build.0 = Release|Any CPU
		{A1B2C3D4-000B-4000-8000-00000000000B}.Debug|Any CPU.ActiveCfg = Debug|Any CPU
		{A1B2C3D4-000B-4000-8000-00000000000B}.Debug|Any CPU.Build.0 = Debug|Any CPU
		{A1B2C3D4-000B-4000-8000-00000000000B}.Debug|x64.ActiveCfg = Debug|Any CPU
		{A1B2C3D4-000B-4000-8000-00000000000B}.Debug|x64.Build.0 = Debug|Any CPU
		{A1B2C3D4-000B-4000-8000-00000000000B}.Debug|x86.ActiveCfg = Debug|Any CPU
		{A1B2C3D4-000B-4000-8000-00000000000B}.Debug|x86.Build.0 = Debug|Any CPU
		{A1B2C3D4-000B-4000-8000-00000000000B}.Release|Any CPU.ActiveCfg = Release|Any CPU
		{A1B2C3D4-000B-4000-8000-00000000000B}.Release|Any CPU.Build.0 = Release|Any CPU
		{A1B2C3D4-000B-4000-8000-00000000000B}.Release|x64.ActiveCfg = Release|Any CPU
		{A1B2C3D4-000B-4000-8000-00000000000B}.Release|x64.Build.0 = Release|Any CPU
		{A1B2C3D4-000B-4000-8000-00000000000B}.Release|x86.ActiveCfg = Release|Any CPU
		{A1B2C3D4-000B-4000-8000-00000000000B}.Release|x86.Build.0 = Release|Any CPU
		{A1B2C3D4-000C-4000-8000-00000000000C}.Debug|Any CPU.ActiveCfg = Debug|Any CPU
		{A1B2C3D4-000C-4000-8000-00000000000C}.Debug|Any CPU.Build.0 = Debug|Any CPU
		{A1B2C3D4-000C-4000-8000-00000000000C}.Debug|x64.ActiveCfg = Debug|Any CPU
		{A1B2C3D4-000C-4000-8000-00000000000C}.Debug|x64.Build.0 = Debug|Any CPU
		{A1B2C3D4-000C-4000-8000-00000000000C}.Debug|x86.ActiveCfg = Debug|Any CPU
		{A1B2C3D4-000C-4000-8000-00000000000C}.Debug|x86.Build.0 = Debug|Any CPU
		{A1B2C3D4-000C-4000-8000-00000000000C}.Release|Any CPU.ActiveCfg = Release|Any CPU
		{A1B2C3D4-000C-4000-8000-00000000000C}.Release|Any CPU.Build.0 = Release|Any CPU
		{A1B2C3D4-000C-4000-8000-00000000000C}.Release|x64.ActiveCfg = Release|Any CPU
		{A1B2C3D4-000C-4000-8000-00000000000C}.Release|x64.Build.0 = Release|Any CPU
		{A1B2C3D4-000C-4000-8000-00000000000C}.Release|x86.ActiveCfg = Release|Any CPU
		{A1B2C3D4-000C-4000-8000-00000000000C}.Release|x86.Build.0 = Release|Any CPU
	EndGlobalSection
	GlobalSection(SolutionProperties) = preSolution
		HideSolutionNode = FALSE
	EndGlobalSection
	GlobalSection(NestedProjects) = preSolution
		{B146C1C5-345A-41BA-945D-8EA162C59442} = {827E0CD3-B72D-47B6-A68D-7590B98EB39B}
		{8B80A398-3967-428D-B857-3992792F9821} = {827E0CD3-B72D-47B6-A68D-7590B98EB39B}
		{0EADBB36-C17B-4082-9E68-E2DB1DC7D955} = {827E0CD3-B72D-47B6-A68D-7590B98EB39B}
		{158195BF-E28B-43A7-A848-078FF12D530C} = {827E0CD3-B72D-47B6-A68D-7590B98EB39B}
		{A3FF08D0-702D-4AA4-B7F2-E5508F5670E1} = {827E0CD3-B72D-47B6-A68D-7590B98EB39B}
		{9CF4AB76-6E72-41F5-9137-6E4E96BAA7D9} = {827E0CD3-B72D-47B6-A68D-7590B98EB39B}
		{595042DB-80FB-4AB0-A577-DC78C90C7695} = {827E0CD3-B72D-47B6-A68D-7590B98EB39B}
		{F7AE84BA-6BD2-4251-8073-58A62EBE1CEE} = {A0596E84-2522-6F31-0F43-77167BFA80D0}
		{A31B1B06-6F27-48BE-A92A-0F7257DC5B3A} = {0AB3BF05-4346-4AA6-1389-037BE0695223}
		{88F30934-F6D4-4CED-B146-1983987A87A3} = {0AB3BF05-4346-4AA6-1389-037BE0695223}
		{986C3310-5C59-4920-8E2B-D08B04886364} = {0AB3BF05-4346-4AA6-1389-037BE0695223}
		{EE043DC5-3761-47EB-9A4A-F4AF8B89099A} = {0AB3BF05-4346-4AA6-1389-037BE0695223}
		{0A8FBDC0-C68B-4363-9488-A38C0B1E3205} = {0AB3BF05-4346-4AA6-1389-037BE0695223}
		{18F57564-85C5-4914-AF7C-8FC3BB2EF6AA} = {0AB3BF05-4346-4AA6-1389-037BE0695223}
		{5CA5864C-B126-46C2-ADC6-9A4B8CA7160A} = {0AB3BF05-4346-4AA6-1389-037BE0695223}
		{37E1D86B-C6CE-4107-B332-26AE13EDA692} = {0AB3BF05-4346-4AA6-1389-037BE0695223}
		{8BB4B885-A31A-4E35-B774-C44870A68408} = {0AB3BF05-4346-4AA6-1389-037BE0695223}
		{FAA9F66B-EC8A-4A8C-B50E-22AE3260C887} = {0AB3BF05-4346-4AA6-1389-037BE0695223}
		{D04A7AA2-C6FB-4B87-979E-8515D675829D} = {0AB3BF05-4346-4AA6-1389-037BE0695223}
		{B9F42F28-DA36-4C0C-AD8C-6B807B0B4B8C} = {0AB3BF05-4346-4AA6-1389-037BE0695223}
		{3AA70B1D-C5E1-4E7B-B9B1-0AC2CDDEB58A} = {0AB3BF05-4346-4AA6-1389-037BE0695223}
		{2C2EBA35-E18C-44C8-91BA-35CB52497D2C} = {0AB3BF05-4346-4AA6-1389-037BE0695223}
		{DAB9E56B-BFF1-4A68-A104-2124FC211F27} = {0AB3BF05-4346-4AA6-1389-037BE0695223}
		{CE7C4CA6-4545-44E7-AC3A-254E8103E42B} = {0AB3BF05-4346-4AA6-1389-037BE0695223}
		{ABFEC328-3D4B-4F26-BD31-B0414CA80B9D} = {0AB3BF05-4346-4AA6-1389-037BE0695223}
		{29F2D825-CE62-4302-AA20-7674A8C38319} = {0AB3BF05-4346-4AA6-1389-037BE0695223}
		{A1B2C3D4-0007-4000-8000-000000000007} = {0AB3BF05-4346-4AA6-1389-037BE0695223}
		{A1B2C3D4-0008-4000-8000-000000000008} = {0AB3BF05-4346-4AA6-1389-037BE0695223}
		{A1B2C3D4-0009-4000-8000-000000000009} = {0AB3BF05-4346-4AA6-1389-037BE0695223}
		{A1B2C3D4-000A-4000-8000-00000000000A} = {0AB3BF05-4346-4AA6-1389-037BE0695223}
		{A1B2C3D4-000B-4000-8000-00000000000B} = {0AB3BF05-4346-4AA6-1389-037BE0695223}
		{A1B2C3D4-000C-4000-8000-00000000000C} = {0AB3BF05-4346-4AA6-1389-037BE0695223}
	EndGlobalSection
EndGlobal
