# This file is generated by running "yarn install" inside your project.
# Manual changes might be lost - proceed with caution!

__metadata:
  version: 8
  cacheKey: 10c0

"@babel/parser@npm:^7.23.0":
  version: 7.23.6
  resolution: "@babel/parser@npm:7.23.6"
  checksum: 10c0/abc
  languageName: node
  linkType: hard

"@vue/shared@npm:3.4.15":
  version: 3.4.15
  resolution: "@vue/shared@npm:3.4.15"
  checksum: 10c0/def
  languageName: node
  linkType: hard

"@vue/compiler-core@npm:3.4.15":
  version: 3.4.15
  resolution: "@vue/compiler-core@npm:3.4.15"
  dependencies:
    "@babel/parser": "npm:^7.23.0"
    "@vue/shared": "npm:3.4.15"
  checksum: 10c0/ghi
  languageName: node
  linkType: hard

"@vue/compiler-dom@npm:3.4.15":
  version: 3.4.15
  resolution: "@vue/compiler-dom@npm:3.4.15"
  dependencies:
    "@vue/compiler-core": "npm:3.4.15"
    "@vue/shared": "npm:3.4.15"
  checksum: 10c0/jkl
  languageName: node
  linkType: hard

"lodash@npm:^4.17.21":
  version: 4.17.21
  resolution: "lodash@npm:4.17.21"
  checksum: 10c0/mno
  languageName: node
  linkType: hard

"typescript@npm:^5.3.3":
  version: 5.3.3
  resolution: "typescript@npm:5.3.3"
  checksum: 10c0/pqr
  languageName: node
  linkType: hard

"vue@npm:^3.4.0":
  version: 3.4.15
  resolution: "vue@npm:3.4.15"
  dependencies:
    "@vue/compiler-dom": "npm:3.4.15"
    "@vue/shared": "npm:3.4.15"
  checksum: 10c0/stu
  languageName: node
  linkType: hard
