{
  "name": "should-be-ignored",
  "version": "1.0.0",
  "lockfileVersion": 3,
  "packages": {
    "": { "name": "should-be-ignored", "version": "1.0.0" },
    "node_modules/ghost": {
      "version": "9.9.9",
      "resolved": "https://registry.npmjs.org/ghost/-/ghost-9.9.9.tgz",
      "integrity": "sha512-bbb"
    }
  }
}
