# Generated by pub
packages:
  http:
    dependency: "direct main"
    description:
      name: http
      sha256: "abc"
      url: "https://pub.dev"
    source: hosted
    version: "1.2.0"
  meta:
    dependency: transitive
    description:
      name: meta
      url: "https://pub.dev"
    source: hosted
    version: "1.11.0"
  test:
    dependency: "direct dev"
    description:
      name: test
      url: "https://pub.dev"
    source: hosted
    version: "1.25.0"
sdks:
  dart: ">=3.0.0 <4.0.0"
